{
  "version": 4,
  "terraform_version": "1.10.4",
  "serial": 46,
  "lineage": "d551ce62-13d7-1356-76dc-a15af209ea52",
  "outputs": {},
  "resources": [
    {
      "mode": "managed",
      "type": "kubernetes_deployment",
      "name": "odoo-app",
      "provider": "provider[\"registry.terraform.io/hashicorp/kubernetes\"]",
      "instances": [
        {
          "index_key": "dev",
          "schema_version": 1,
          "attributes": {
            "id": "dev/odoo-app-dev",
            "metadata": [
              {
                "annotations": {},
                "generate_name": "",
                "generation": 1,
                "labels": {},
                "name": "odoo-app-dev",
                "namespace": "dev",
                "resource_version": "4675",
                "uid": "17c4abe7-9572-42df-805d-54496c074de8"
              }
            ],
            "spec": [
              {
                "min_ready_seconds": 0,
                "paused": false,
                "progress_deadline_seconds": 600,
                "replicas": "4",
                "revision_history_limit": 10,
                "selector": [
                  {
                    "match_expressions": [],
                    "match_labels": {
                      "app": "odoo-app"
                    }
                  }
                ],
                "strategy": [
                  {
                    "rolling_update": [
                      {
                        "max_surge": "25%",
                        "max_unavailable": "25%"
                      }
                    ],
                    "type": "RollingUpdate"
                  }
                ],
                "template": [
                  {
                    "metadata": [
                      {
                        "annotations": {},
                        "generate_name": "",
                        "generation": 0,
                        "labels": {
                          "app": "odoo-app"
                        },
                        "name": "",
                        "namespace": "",
                        "resource_version": "",
                        "uid": ""
                      }
                    ],
                    "spec": [
                      {
                        "active_deadline_seconds": 0,
                        "affinity": [],
                        "automount_service_account_token": true,
                        "container": [
                          {
                            "args": [],
                            "command": [],
                            "env": [
                              {
                                "name": "POSTGRES_HOST",
                                "value": "host",
                                "value_from": []
                              },
                              {
                                "name": "POSTGRES_DB",
                                "value": "meta-odoo-db",
                                "value_from": []
                              },
                              {
                                "name": "POSTGRES_USER",
                                "value": "meta-odoo-user",
                                "value_from": []
                              },
                              {
                                "name": "POSTGRES_PASSWORD",
                                "value": "",
                                "value_from": [
                                  {
                                    "config_map_key_ref": [],
                                    "field_ref": [],
                                    "resource_field_ref": [],
                                    "secret_key_ref": [
                                      {
                                        "key": "postgres_password",
                                        "name": "odoo-secrets",
                                        "optional": false
                                      }
                                    ]
                                  }
                                ]
                              }
                            ],
                            "env_from": [],
                            "image": "odoo:18",
                            "image_pull_policy": "IfNotPresent",
                            "lifecycle": [],
                            "liveness_probe": [],
                            "name": "odoo-app-container-meta",
                            "port": [
                              {
                                "container_port": 8069,
                                "host_ip": "",
                                "host_port": 0,
                                "name": "",
                                "protocol": "TCP"
                              }
                            ],
                            "readiness_probe": [],
                            "resources": [
                              {
                                "limits": {},
                                "requests": {}
                              }
                            ],
                            "security_context": [],
                            "startup_probe": [],
                            "stdin": false,
                            "stdin_once": false,
                            "termination_message_path": "/dev/termination-log",
                            "termination_message_policy": "File",
                            "tty": false,
                            "volume_mount": [],
                            "working_dir": ""
                          }
                        ],
                        "dns_config": [],
                        "dns_policy": "ClusterFirst",
                        "enable_service_links": true,
                        "host_aliases": [],
                        "host_ipc": false,
                        "host_network": false,
                        "host_pid": false,
                        "hostname": "",
                        "image_pull_secrets": [],
                        "init_container": [],
                        "node_name": "",
                        "node_selector": {},
                        "priority_class_name": "",
                        "readiness_gate": [],
                        "restart_policy": "Always",
                        "runtime_class_name": "",
                        "scheduler_name": "default-scheduler",
                        "security_context": [],
                        "service_account_name": "",
                        "share_process_namespace": false,
                        "subdomain": "",
                        "termination_grace_period_seconds": 30,
                        "toleration": [],
                        "topology_spread_constraint": [],
                        "volume": []
                      }
                    ]
                  }
                ]
              }
            ],
            "timeouts": null,
            "wait_for_rollout": true
          },
          "sensitive_attributes": [],
          "private": "eyJlMmJmYjczMC1lY2FhLTExZTYtOGY4OC0zNDM2M2JjN2M0YzAiOnsiY3JlYXRlIjo2MDAwMDAwMDAwMDAsImRlbGV0ZSI6NjAwMDAwMDAwMDAwLCJ1cGRhdGUiOjYwMDAwMDAwMDAwMH0sInNjaGVtYV92ZXJzaW9uIjoiMSJ9",
          "dependencies": [
            "kubernetes_secret.odoo-secrets",
            "minikube_cluster.tf-project-cluster"
          ]
        },
        {
          "index_key": "prod",
          "schema_version": 1,
          "attributes": {
            "id": "prod/odoo-app-prod",
            "metadata": [
              {
                "annotations": {},
                "generate_name": "",
                "generation": 1,
                "labels": {},
                "name": "odoo-app-prod",
                "namespace": "prod",
                "resource_version": "4658",
                "uid": "ebdea13b-85bf-4f6c-a1df-d4d68f596aaa"
              }
            ],
            "spec": [
              {
                "min_ready_seconds": 0,
                "paused": false,
                "progress_deadline_seconds": 600,
                "replicas": "4",
                "revision_history_limit": 10,
                "selector": [
                  {
                    "match_expressions": [],
                    "match_labels": {
                      "app": "odoo-app"
                    }
                  }
                ],
                "strategy": [
                  {
                    "rolling_update": [
                      {
                        "max_surge": "25%",
                        "max_unavailable": "25%"
                      }
                    ],
                    "type": "RollingUpdate"
                  }
                ],
                "template": [
                  {
                    "metadata": [
                      {
                        "annotations": {},
                        "generate_name": "",
                        "generation": 0,
                        "labels": {
                          "app": "odoo-app"
                        },
                        "name": "",
                        "namespace": "",
                        "resource_version": "",
                        "uid": ""
                      }
                    ],
                    "spec": [
                      {
                        "active_deadline_seconds": 0,
                        "affinity": [],
                        "automount_service_account_token": true,
                        "container": [
                          {
                            "args": [],
                            "command": [],
                            "env": [
                              {
                                "name": "POSTGRES_HOST",
                                "value": "host",
                                "value_from": []
                              },
                              {
                                "name": "POSTGRES_DB",
                                "value": "meta-odoo-db",
                                "value_from": []
                              },
                              {
                                "name": "POSTGRES_USER",
                                "value": "meta-odoo-user",
                                "value_from": []
                              },
                              {
                                "name": "POSTGRES_PASSWORD",
                                "value": "",
                                "value_from": [
                                  {
                                    "config_map_key_ref": [],
                                    "field_ref": [],
                                    "resource_field_ref": [],
                                    "secret_key_ref": [
                                      {
                                        "key": "postgres_password",
                                        "name": "odoo-secrets",
                                        "optional": false
                                      }
                                    ]
                                  }
                                ]
                              }
                            ],
                            "env_from": [],
                            "image": "odoo:18",
                            "image_pull_policy": "IfNotPresent",
                            "lifecycle": [],
                            "liveness_probe": [],
                            "name": "odoo-app-container-meta",
                            "port": [
                              {
                                "container_port": 8069,
                                "host_ip": "",
                                "host_port": 0,
                                "name": "",
                                "protocol": "TCP"
                              }
                            ],
                            "readiness_probe": [],
                            "resources": [
                              {
                                "limits": {},
                                "requests": {}
                              }
                            ],
                            "security_context": [],
                            "startup_probe": [],
                            "stdin": false,
                            "stdin_once": false,
                            "termination_message_path": "/dev/termination-log",
                            "termination_message_policy": "File",
                            "tty": false,
                            "volume_mount": [],
                            "working_dir": ""
                          }
                        ],
                        "dns_config": [],
                        "dns_policy": "ClusterFirst",
                        "enable_service_links": true,
                        "host_aliases": [],
                        "host_ipc": false,
                        "host_network": false,
                        "host_pid": false,
                        "hostname": "",
                        "image_pull_secrets": [],
                        "init_container": [],
                        "node_name": "",
                        "node_selector": {},
                        "priority_class_name": "",
                        "readiness_gate": [],
                        "restart_policy": "Always",
                        "runtime_class_name": "",
                        "scheduler_name": "default-scheduler",
                        "security_context": [],
                        "service_account_name": "",
                        "share_process_namespace": false,
                        "subdomain": "",
                        "termination_grace_period_seconds": 30,
                        "toleration": [],
                        "topology_spread_constraint": [],
                        "volume": []
                      }
                    ]
                  }
                ]
              }
            ],
            "timeouts": null,
            "wait_for_rollout": true
          },
          "sensitive_attributes": [],
          "private": "eyJlMmJmYjczMC1lY2FhLTExZTYtOGY4OC0zNDM2M2JjN2M0YzAiOnsiY3JlYXRlIjo2MDAwMDAwMDAwMDAsImRlbGV0ZSI6NjAwMDAwMDAwMDAwLCJ1cGRhdGUiOjYwMDAwMDAwMDAwMH0sInNjaGVtYV92ZXJzaW9uIjoiMSJ9",
          "dependencies": [
            "kubernetes_secret.odoo-secrets",
            "minikube_cluster.tf-project-cluster"
          ]
        },
        {
          "index_key": "qa",
          "schema_version": 1,
          "attributes": {
            "id": "qa/odoo-app-qa",
            "metadata": [
              {
                "annotations": {},
                "generate_name": "",
                "generation": 1,
                "labels": {},
                "name": "odoo-app-qa",
                "namespace": "qa",
                "resource_version": "4650",
                "uid": "16e409fd-6e8d-4c33-b5a7-435629d1a4f1"
              }
            ],
            "spec": [
              {
                "min_ready_seconds": 0,
                "paused": false,
                "progress_deadline_seconds": 600,
                "replicas": "4",
                "revision_history_limit": 10,
                "selector": [
                  {
                    "match_expressions": [],
                    "match_labels": {
                      "app": "odoo-app"
                    }
                  }
                ],
                "strategy": [
                  {
                    "rolling_update": [
                      {
                        "max_surge": "25%",
                        "max_unavailable": "25%"
                      }
                    ],
                    "type": "RollingUpdate"
                  }
                ],
                "template": [
                  {
                    "metadata": [
                      {
                        "annotations": {},
                        "generate_name": "",
                        "generation": 0,
                        "labels": {
                          "app": "odoo-app"
                        },
                        "name": "",
                        "namespace": "",
                        "resource_version": "",
                        "uid": ""
                      }
                    ],
                    "spec": [
                      {
                        "active_deadline_seconds": 0,
                        "affinity": [],
                        "automount_service_account_token": true,
                        "container": [
                          {
                            "args": [],
                            "command": [],
                            "env": [
                              {
                                "name": "POSTGRES_HOST",
                                "value": "host",
                                "value_from": []
                              },
                              {
                                "name": "POSTGRES_DB",
                                "value": "meta-odoo-db",
                                "value_from": []
                              },
                              {
                                "name": "POSTGRES_USER",
                                "value": "meta-odoo-user",
                                "value_from": []
                              },
                              {
                                "name": "POSTGRES_PASSWORD",
                                "value": "",
                                "value_from": [
                                  {
                                    "config_map_key_ref": [],
                                    "field_ref": [],
                                    "resource_field_ref": [],
                                    "secret_key_ref": [
                                      {
                                        "key": "postgres_password",
                                        "name": "odoo-secrets",
                                        "optional": false
                                      }
                                    ]
                                  }
                                ]
                              }
                            ],
                            "env_from": [],
                            "image": "odoo:18",
                            "image_pull_policy": "IfNotPresent",
                            "lifecycle": [],
                            "liveness_probe": [],
                            "name": "odoo-app-container-meta",
                            "port": [
                              {
                                "container_port": 8069,
                                "host_ip": "",
                                "host_port": 0,
                                "name": "",
                                "protocol": "TCP"
                              }
                            ],
                            "readiness_probe": [],
                            "resources": [
                              {
                                "limits": {},
                                "requests": {}
                              }
                            ],
                            "security_context": [],
                            "startup_probe": [],
                            "stdin": false,
                            "stdin_once": false,
                            "termination_message_path": "/dev/termination-log",
                            "termination_message_policy": "File",
                            "tty": false,
                            "volume_mount": [],
                            "working_dir": ""
                          }
                        ],
                        "dns_config": [],
                        "dns_policy": "ClusterFirst",
                        "enable_service_links": true,
                        "host_aliases": [],
                        "host_ipc": false,
                        "host_network": false,
                        "host_pid": false,
                        "hostname": "",
                        "image_pull_secrets": [],
                        "init_container": [],
                        "node_name": "",
                        "node_selector": {},
                        "priority_class_name": "",
                        "readiness_gate": [],
                        "restart_policy": "Always",
                        "runtime_class_name": "",
                        "scheduler_name": "default-scheduler",
                        "security_context": [],
                        "service_account_name": "",
                        "share_process_namespace": false,
                        "subdomain": "",
                        "termination_grace_period_seconds": 30,
                        "toleration": [],
                        "topology_spread_constraint": [],
                        "volume": []
                      }
                    ]
                  }
                ]
              }
            ],
            "timeouts": null,
            "wait_for_rollout": true
          },
          "sensitive_attributes": [],
          "private": "eyJlMmJmYjczMC1lY2FhLTExZTYtOGY4OC0zNDM2M2JjN2M0YzAiOnsiY3JlYXRlIjo2MDAwMDAwMDAwMDAsImRlbGV0ZSI6NjAwMDAwMDAwMDAwLCJ1cGRhdGUiOjYwMDAwMDAwMDAwMH0sInNjaGVtYV92ZXJzaW9uIjoiMSJ9",
          "dependencies": [
            "kubernetes_secret.odoo-secrets",
            "minikube_cluster.tf-project-cluster"
          ]
        }
      ]
    },
    {
      "mode": "managed",
      "type": "kubernetes_deployment",
      "name": "postgres-db",
      "provider": "provider[\"registry.terraform.io/hashicorp/kubernetes\"]",
      "instances": [
        {
          "index_key": "dev",
          "schema_version": 1,
          "attributes": {
            "id": "dev/postgres-db-dev",
            "metadata": [
              {
                "annotations": {},
                "generate_name": "",
                "generation": 1,
                "labels": {},
                "name": "postgres-db-dev",
                "namespace": "dev",
                "resource_version": "3806",
                "uid": "27aa813d-fa75-495f-99b1-2b8c1b8cede3"
              }
            ],
            "spec": [
              {
                "min_ready_seconds": 0,
                "paused": false,
                "progress_deadline_seconds": 600,
                "replicas": "1",
                "revision_history_limit": 10,
                "selector": [
                  {
                    "match_expressions": [],
                    "match_labels": {
                      "app": "postgres-db"
                    }
                  }
                ],
                "strategy": [
                  {
                    "rolling_update": [
                      {
                        "max_surge": "25%",
                        "max_unavailable": "25%"
                      }
                    ],
                    "type": "RollingUpdate"
                  }
                ],
                "template": [
                  {
                    "metadata": [
                      {
                        "annotations": {},
                        "generate_name": "",
                        "generation": 0,
                        "labels": {
                          "app": "postgres-db"
                        },
                        "name": "",
                        "namespace": "",
                        "resource_version": "",
                        "uid": ""
                      }
                    ],
                    "spec": [
                      {
                        "active_deadline_seconds": 0,
                        "affinity": [],
                        "automount_service_account_token": true,
                        "container": [
                          {
                            "args": [],
                            "command": [],
                            "env": [
                              {
                                "name": "POSTGRES_DB",
                                "value": "meta-odoo-db",
                                "value_from": []
                              },
                              {
                                "name": "POSTGRES_USER",
                                "value": "meta-odoo-user",
                                "value_from": []
                              },
                              {
                                "name": "POSTGRES_PASSWORD",
                                "value": "",
                                "value_from": [
                                  {
                                    "config_map_key_ref": [],
                                    "field_ref": [],
                                    "resource_field_ref": [],
                                    "secret_key_ref": [
                                      {
                                        "key": "postgres_password",
                                        "name": "odoo-secrets",
                                        "optional": false
                                      }
                                    ]
                                  }
                                ]
                              }
                            ],
                            "env_from": [],
                            "image": "postgres:13",
                            "image_pull_policy": "IfNotPresent",
                            "lifecycle": [],
                            "liveness_probe": [],
                            "name": "postgres-db-container-meta",
                            "port": [
                              {
                                "container_port": 5432,
                                "host_ip": "",
                                "host_port": 0,
                                "name": "",
                                "protocol": "TCP"
                              }
                            ],
                            "readiness_probe": [],
                            "resources": [
                              {
                                "limits": {},
                                "requests": {}
                              }
                            ],
                            "security_context": [],
                            "startup_probe": [],
                            "stdin": false,
                            "stdin_once": false,
                            "termination_message_path": "/dev/termination-log",
                            "termination_message_policy": "File",
                            "tty": false,
                            "volume_mount": [],
                            "working_dir": ""
                          }
                        ],
                        "dns_config": [],
                        "dns_policy": "ClusterFirst",
                        "enable_service_links": true,
                        "host_aliases": [],
                        "host_ipc": false,
                        "host_network": false,
                        "host_pid": false,
                        "hostname": "",
                        "image_pull_secrets": [],
                        "init_container": [],
                        "node_name": "",
                        "node_selector": {},
                        "priority_class_name": "",
                        "readiness_gate": [],
                        "restart_policy": "Always",
                        "runtime_class_name": "",
                        "scheduler_name": "default-scheduler",
                        "security_context": [],
                        "service_account_name": "",
                        "share_process_namespace": false,
                        "subdomain": "",
                        "termination_grace_period_seconds": 30,
                        "toleration": [],
                        "topology_spread_constraint": [],
                        "volume": []
                      }
                    ]
                  }
                ]
              }
            ],
            "timeouts": null,
            "wait_for_rollout": true
          },
          "sensitive_attributes": [],
          "private": "eyJlMmJmYjczMC1lY2FhLTExZTYtOGY4OC0zNDM2M2JjN2M0YzAiOnsiY3JlYXRlIjo2MDAwMDAwMDAwMDAsImRlbGV0ZSI6NjAwMDAwMDAwMDAwLCJ1cGRhdGUiOjYwMDAwMDAwMDAwMH0sInNjaGVtYV92ZXJzaW9uIjoiMSJ9",
          "dependencies": [
            "kubernetes_secret.odoo-secrets",
            "minikube_cluster.tf-project-cluster"
          ]
        },
        {
          "index_key": "prod",
          "schema_version": 1,
          "attributes": {
            "id": "prod/postgres-db-prod",
            "metadata": [
              {
                "annotations": {},
                "generate_name": "",
                "generation": 1,
                "labels": {},
                "name": "postgres-db-prod",
                "namespace": "prod",
                "resource_version": "3795",
                "uid": "a630cbe9-533d-4bdd-a51a-52b59155823d"
              }
            ],
            "spec": [
              {
                "min_ready_seconds": 0,
                "paused": false,
                "progress_deadline_seconds": 600,
                "replicas": "1",
                "revision_history_limit": 10,
                "selector": [
                  {
                    "match_expressions": [],
                    "match_labels": {
                      "app": "postgres-db"
                    }
                  }
                ],
                "strategy": [
                  {
                    "rolling_update": [
                      {
                        "max_surge": "25%",
                        "max_unavailable": "25%"
                      }
                    ],
                    "type": "RollingUpdate"
                  }
                ],
                "template": [
                  {
                    "metadata": [
                      {
                        "annotations": {},
                        "generate_name": "",
                        "generation": 0,
                        "labels": {
                          "app": "postgres-db"
                        },
                        "name": "",
                        "namespace": "",
                        "resource_version": "",
                        "uid": ""
                      }
                    ],
                    "spec": [
                      {
                        "active_deadline_seconds": 0,
                        "affinity": [],
                        "automount_service_account_token": true,
                        "container": [
                          {
                            "args": [],
                            "command": [],
                            "env": [
                              {
                                "name": "POSTGRES_DB",
                                "value": "meta-odoo-db",
                                "value_from": []
                              },
                              {
                                "name": "POSTGRES_USER",
                                "value": "meta-odoo-user",
                                "value_from": []
                              },
                              {
                                "name": "POSTGRES_PASSWORD",
                                "value": "",
                                "value_from": [
                                  {
                                    "config_map_key_ref": [],
                                    "field_ref": [],
                                    "resource_field_ref": [],
                                    "secret_key_ref": [
                                      {
                                        "key": "postgres_password",
                                        "name": "odoo-secrets",
                                        "optional": false
                                      }
                                    ]
                                  }
                                ]
                              }
                            ],
                            "env_from": [],
                            "image": "postgres:13",
                            "image_pull_policy": "IfNotPresent",
                            "lifecycle": [],
                            "liveness_probe": [],
                            "name": "postgres-db-container-meta",
                            "port": [
                              {
                                "container_port": 5432,
                                "host_ip": "",
                                "host_port": 0,
                                "name": "",
                                "protocol": "TCP"
                              }
                            ],
                            "readiness_probe": [],
                            "resources": [
                              {
                                "limits": {},
                                "requests": {}
                              }
                            ],
                            "security_context": [],
                            "startup_probe": [],
                            "stdin": false,
                            "stdin_once": false,
                            "termination_message_path": "/dev/termination-log",
                            "termination_message_policy": "File",
                            "tty": false,
                            "volume_mount": [],
                            "working_dir": ""
                          }
                        ],
                        "dns_config": [],
                        "dns_policy": "ClusterFirst",
                        "enable_service_links": true,
                        "host_aliases": [],
                        "host_ipc": false,
                        "host_network": false,
                        "host_pid": false,
                        "hostname": "",
                        "image_pull_secrets": [],
                        "init_container": [],
                        "node_name": "",
                        "node_selector": {},
                        "priority_class_name": "",
                        "readiness_gate": [],
                        "restart_policy": "Always",
                        "runtime_class_name": "",
                        "scheduler_name": "default-scheduler",
                        "security_context": [],
                        "service_account_name": "",
                        "share_process_namespace": false,
                        "subdomain": "",
                        "termination_grace_period_seconds": 30,
                        "toleration": [],
                        "topology_spread_constraint": [],
                        "volume": []
                      }
                    ]
                  }
                ]
              }
            ],
            "timeouts": null,
            "wait_for_rollout": true
          },
          "sensitive_attributes": [],
          "private": "eyJlMmJmYjczMC1lY2FhLTExZTYtOGY4OC0zNDM2M2JjN2M0YzAiOnsiY3JlYXRlIjo2MDAwMDAwMDAwMDAsImRlbGV0ZSI6NjAwMDAwMDAwMDAwLCJ1cGRhdGUiOjYwMDAwMDAwMDAwMH0sInNjaGVtYV92ZXJzaW9uIjoiMSJ9",
          "dependencies": [
            "kubernetes_secret.odoo-secrets",
            "minikube_cluster.tf-project-cluster"
          ]
        },
        {
          "index_key": "qa",
          "schema_version": 1,
          "attributes": {
            "id": "qa/postgres-db-qa",
            "metadata": [
              {
                "annotations": {},
                "generate_name": "",
                "generation": 1,
                "labels": {},
                "name": "postgres-db-qa",
                "namespace": "qa",
                "resource_version": "3798",
                "uid": "753230f9-1ca1-4c09-ab73-abaa21494ff7"
              }
            ],
            "spec": [
              {
                "min_ready_seconds": 0,
                "paused": false,
                "progress_deadline_seconds": 600,
                "replicas": "1",
                "revision_history_limit": 10,
                "selector": [
                  {
                    "match_expressions": [],
                    "match_labels": {
                      "app": "postgres-db"
                    }
                  }
                ],
                "strategy": [
                  {
                    "rolling_update": [
                      {
                        "max_surge": "25%",
                        "max_unavailable": "25%"
                      }
                    ],
                    "type": "RollingUpdate"
                  }
                ],
                "template": [
                  {
                    "metadata": [
                      {
                        "annotations": {},
                        "generate_name": "",
                        "generation": 0,
                        "labels": {
                          "app": "postgres-db"
                        },
                        "name": "",
                        "namespace": "",
                        "resource_version": "",
                        "uid": ""
                      }
                    ],
                    "spec": [
                      {
                        "active_deadline_seconds": 0,
                        "affinity": [],
                        "automount_service_account_token": true,
                        "container": [
                          {
                            "args": [],
                            "command": [],
                            "env": [
                              {
                                "name": "POSTGRES_DB",
                                "value": "meta-odoo-db",
                                "value_from": []
                              },
                              {
                                "name": "POSTGRES_USER",
                                "value": "meta-odoo-user",
                                "value_from": []
                              },
                              {
                                "name": "POSTGRES_PASSWORD",
                                "value": "",
                                "value_from": [
                                  {
                                    "config_map_key_ref": [],
                                    "field_ref": [],
                                    "resource_field_ref": [],
                                    "secret_key_ref": [
                                      {
                                        "key": "postgres_password",
                                        "name": "odoo-secrets",
                                        "optional": false
                                      }
                                    ]
                                  }
                                ]
                              }
                            ],
                            "env_from": [],
                            "image": "postgres:13",
                            "image_pull_policy": "IfNotPresent",
                            "lifecycle": [],
                            "liveness_probe": [],
                            "name": "postgres-db-container-meta",
                            "port": [
                              {
                                "container_port": 5432,
                                "host_ip": "",
                                "host_port": 0,
                                "name": "",
                                "protocol": "TCP"
                              }
                            ],
                            "readiness_probe": [],
                            "resources": [
                              {
                                "limits": {},
                                "requests": {}
                              }
                            ],
                            "security_context": [],
                            "startup_probe": [],
                            "stdin": false,
                            "stdin_once": false,
                            "termination_message_path": "/dev/termination-log",
                            "termination_message_policy": "File",
                            "tty": false,
                            "volume_mount": [],
                            "working_dir": ""
                          }
                        ],
                        "dns_config": [],
                        "dns_policy": "ClusterFirst",
                        "enable_service_links": true,
                        "host_aliases": [],
                        "host_ipc": false,
                        "host_network": false,
                        "host_pid": false,
                        "hostname": "",
                        "image_pull_secrets": [],
                        "init_container": [],
                        "node_name": "",
                        "node_selector": {},
                        "priority_class_name": "",
                        "readiness_gate": [],
                        "restart_policy": "Always",
                        "runtime_class_name": "",
                        "scheduler_name": "default-scheduler",
                        "security_context": [],
                        "service_account_name": "",
                        "share_process_namespace": false,
                        "subdomain": "",
                        "termination_grace_period_seconds": 30,
                        "toleration": [],
                        "topology_spread_constraint": [],
                        "volume": []
                      }
                    ]
                  }
                ]
              }
            ],
            "timeouts": null,
            "wait_for_rollout": true
          },
          "sensitive_attributes": [],
          "private": "eyJlMmJmYjczMC1lY2FhLTExZTYtOGY4OC0zNDM2M2JjN2M0YzAiOnsiY3JlYXRlIjo2MDAwMDAwMDAwMDAsImRlbGV0ZSI6NjAwMDAwMDAwMDAwLCJ1cGRhdGUiOjYwMDAwMDAwMDAwMH0sInNjaGVtYV92ZXJzaW9uIjoiMSJ9",
          "dependencies": [
            "kubernetes_secret.odoo-secrets",
            "minikube_cluster.tf-project-cluster"
          ]
        }
      ]
    },
    {
      "mode": "managed",
      "type": "kubernetes_namespace",
      "name": "namespace",
      "provider": "provider[\"registry.terraform.io/hashicorp/kubernetes\"]",
      "instances": [
        {
          "index_key": "dev",
          "schema_version": 0,
          "attributes": {
            "id": "dev",
            "metadata": [
              {
                "annotations": {},
                "generate_name": "",
                "generation": 0,
                "labels": {
                  "client": "Meta"
                },
                "name": "dev",
                "resource_version": "1000",
                "uid": "871981df-5f22-437c-985f-ba4aa2aab8e5"
              }
            ],
            "timeouts": null
          },
          "sensitive_attributes": [],
          "private": "eyJlMmJmYjczMC1lY2FhLTExZTYtOGY4OC0zNDM2M2JjN2M0YzAiOnsiZGVsZXRlIjozMDAwMDAwMDAwMDB9fQ==",
          "dependencies": [
            "minikube_cluster.tf-project-cluster"
          ]
        },
        {
          "index_key": "prod",
          "schema_version": 0,
          "attributes": {
            "id": "prod",
            "metadata": [
              {
                "annotations": {},
                "generate_name": "",
                "generation": 0,
                "labels": {
                  "client": "Meta"
                },
                "name": "prod",
                "resource_version": "999",
                "uid": "3c627a57-1332-4010-bef4-7f5f46e91c89"
              }
            ],
            "timeouts": null
          },
          "sensitive_attributes": [],
          "private": "eyJlMmJmYjczMC1lY2FhLTExZTYtOGY4OC0zNDM2M2JjN2M0YzAiOnsiZGVsZXRlIjozMDAwMDAwMDAwMDB9fQ==",
          "dependencies": [
            "minikube_cluster.tf-project-cluster"
          ]
        },
        {
          "index_key": "qa",
          "schema_version": 0,
          "attributes": {
            "id": "qa",
            "metadata": [
              {
                "annotations": {},
                "generate_name": "",
                "generation": 0,
                "labels": {
                  "client": "Meta"
                },
                "name": "qa",
                "resource_version": "998",
                "uid": "004d8644-f1b4-4878-9216-3a4167e0a9cd"
              }
            ],
            "timeouts": null
          },
          "sensitive_attributes": [],
          "private": "eyJlMmJmYjczMC1lY2FhLTExZTYtOGY4OC0zNDM2M2JjN2M0YzAiOnsiZGVsZXRlIjozMDAwMDAwMDAwMDB9fQ==",
          "dependencies": [
            "minikube_cluster.tf-project-cluster"
          ]
        }
      ]
    },
    {
      "mode": "managed",
      "type": "kubernetes_pod",
      "name": "odoo_pod",
      "provider": "provider[\"registry.terraform.io/hashicorp/kubernetes\"]",
      "instances": [
        {
          "status": "tainted",
          "schema_version": 1,
          "attributes": {
            "id": "default/odoo-pod",
            "metadata": [
              {
                "annotations": null,
                "generate_name": "",
                "generation": 0,
                "labels": {
                  "app": "odoo"
                },
                "name": "odoo-pod",
                "namespace": "default",
                "resource_version": "",
                "uid": ""
              }
            ],
            "spec": [
              {
                "active_deadline_seconds": 0,
                "affinity": [],
                "automount_service_account_token": true,
                "container": [
                  {
                    "args": null,
                    "command": null,
                    "env": [],
                    "env_from": [],
                    "image": "nginx:1.7.9",
                    "image_pull_policy": "",
                    "lifecycle": [],
                    "liveness_probe": [],
                    "name": "odoo-container",
                    "port": [
                      {
                        "container_port": 8069,
                        "host_ip": "",
                        "host_port": 0,
                        "name": "",
                        "protocol": "TCP"
                      }
                    ],
                    "readiness_probe": [],
                    "resources": [],
                    "security_context": [],
                    "startup_probe": [],
                    "stdin": false,
                    "stdin_once": false,
                    "termination_message_path": "/dev/termination-log",
                    "termination_message_policy": "",
                    "tty": false,
                    "volume_mount": [],
                    "working_dir": ""
                  }
                ],
                "dns_config": [],
                "dns_policy": "ClusterFirst",
                "enable_service_links": true,
                "host_aliases": [],
                "host_ipc": false,
                "host_network": false,
                "host_pid": false,
                "hostname": "",
                "image_pull_secrets": [],
                "init_container": [],
                "node_name": "",
                "node_selector": null,
                "priority_class_name": "",
                "readiness_gate": [],
                "restart_policy": "Always",
                "runtime_class_name": "",
                "scheduler_name": "",
                "security_context": [],
                "service_account_name": "",
                "share_process_namespace": false,
                "subdomain": "",
                "termination_grace_period_seconds": 30,
                "toleration": [],
                "topology_spread_constraint": [],
                "volume": []
              }
            ],
            "timeouts": null
          },
          "sensitive_attributes": [],
          "private": "eyJlMmJmYjczMC1lY2FhLTExZTYtOGY4OC0zNDM2M2JjN2M0YzAiOnsiY3JlYXRlIjozMDAwMDAwMDAwMDAsImRlbGV0ZSI6MzAwMDAwMDAwMDAwfSwic2NoZW1hX3ZlcnNpb24iOiIxIn0=",
          "dependencies": [
            "minikube_cluster.tf-project-cluster"
          ]
        }
      ]
    },
    {
      "mode": "managed",
      "type": "kubernetes_secret",
      "name": "odoo-secrets",
      "provider": "provider[\"registry.terraform.io/hashicorp/kubernetes\"]",
      "instances": [
        {
          "index_key": "dev",
          "schema_version": 0,
          "attributes": {
            "binary_data": null,
            "data": {
              "postgres_password": "password"
            },
            "id": "dev/odoo-secrets",
            "immutable": false,
            "metadata": [
              {
                "annotations": {},
                "generate_name": "",
                "generation": 0,
                "labels": {},
                "name": "odoo-secrets",
                "namespace": "dev",
                "resource_version": "1019",
                "uid": "a3e237a5-1c8c-478d-92f1-f75bfd198934"
              }
            ],
            "timeouts": null,
            "type": "Opaque",
            "wait_for_service_account_token": true
          },
          "sensitive_attributes": [
            [
              {
                "type": "get_attr",
                "value": "binary_data"
              }
            ],
            [
              {
                "type": "get_attr",
                "value": "data"
              }
            ]
          ],
          "private": "eyJlMmJmYjczMC1lY2FhLTExZTYtOGY4OC0zNDM2M2JjN2M0YzAiOnsiY3JlYXRlIjo2MDAwMDAwMDAwMH19",
          "dependencies": [
            "minikube_cluster.tf-project-cluster"
          ]
        },
        {
          "index_key": "prod",
          "schema_version": 0,
          "attributes": {
            "binary_data": null,
            "data": {
              "postgres_password": "password"
            },
            "id": "prod/odoo-secrets",
            "immutable": false,
            "metadata": [
              {
                "annotations": {},
                "generate_name": "",
                "generation": 0,
                "labels": {},
                "name": "odoo-secrets",
                "namespace": "prod",
                "resource_version": "1021",
                "uid": "da45e6f5-765d-4afc-b7ac-d3dd0d2cf114"
              }
            ],
            "timeouts": null,
            "type": "Opaque",
            "wait_for_service_account_token": true
          },
          "sensitive_attributes": [
            [
              {
                "type": "get_attr",
                "value": "data"
              }
            ],
            [
              {
                "type": "get_attr",
                "value": "binary_data"
              }
            ]
          ],
          "private": "eyJlMmJmYjczMC1lY2FhLTExZTYtOGY4OC0zNDM2M2JjN2M0YzAiOnsiY3JlYXRlIjo2MDAwMDAwMDAwMH19",
          "dependencies": [
            "minikube_cluster.tf-project-cluster"
          ]
        },
        {
          "index_key": "qa",
          "schema_version": 0,
          "attributes": {
            "binary_data": null,
            "data": {
              "postgres_password": "password"
            },
            "id": "qa/odoo-secrets",
            "immutable": false,
            "metadata": [
              {
                "annotations": {},
                "generate_name": "",
                "generation": 0,
                "labels": {},
                "name": "odoo-secrets",
                "namespace": "qa",
                "resource_version": "1022",
                "uid": "c9dfcb0b-462b-4068-a38a-c7815cefe64a"
              }
            ],
            "timeouts": null,
            "type": "Opaque",
            "wait_for_service_account_token": true
          },
          "sensitive_attributes": [
            [
              {
                "type": "get_attr",
                "value": "binary_data"
              }
            ],
            [
              {
                "type": "get_attr",
                "value": "data"
              }
            ]
          ],
          "private": "eyJlMmJmYjczMC1lY2FhLTExZTYtOGY4OC0zNDM2M2JjN2M0YzAiOnsiY3JlYXRlIjo2MDAwMDAwMDAwMH19",
          "dependencies": [
            "minikube_cluster.tf-project-cluster"
          ]
        }
      ]
    },
    {
      "mode": "managed",
      "type": "kubernetes_secret",
      "name": "tls_secret",
      "provider": "provider[\"registry.terraform.io/hashicorp/kubernetes\"]",
      "instances": [
        {
          "schema_version": 0,
          "attributes": {
            "binary_data": null,
            "data": {
              "tls.crt": "LS0tLS1CRUdJTiBDRVJUSUZJQ0FURS0tLS0tCk1JSURDVENDQWZHZ0F3SUJBZ0lVRG42LzVpVDBydUJFVW1MVC9haEJ3TWxFZG00d0RRWUpLb1pJaHZjTkFRRUwKQlFBd0ZERVNNQkFHQTFVRUF3d0piRzlqWVd4b2IzTjBNQjRYRFRJMU1ERXlPREl3TWpJeE4xb1hEVEkyTURFeQpPREl3TWpJeE4xb3dGREVTTUJBR0ExVUVBd3dKYkc5allXeG9iM04wTUlJQklqQU5CZ2txaGtpRzl3MEJBUUVGCkFBT0NBUThBTUlJQkNnS0NBUUVBdDU0d0RCUURaNW9SUzRNRld4SkQ5a2xJMTlucGFJUm9XdFZuY1RnNU1RWVoKZ1dEQkxDcEdOUFljNzBIVktHNkI2cGNlM3N0aGpGK1U1WU1rZkxlMEoyRkYwQ2ExZVNaUzRIbm5YbmYxOTQrcQpxcjBnd25hcFlWRzZmazBOWGtoR2JtTmRUMzE1L1BGa0VVVFl3QlMrR2JZSmRVenAvRkhuVEtxUzljWkdRQmhKClBtMnJ6QUNHS3YxWW1nZmJlT0JybkRibE5TbHVwUjhyRU91QWxTN3drZVRUNWVxN0k4NGFldFhydzNNbXRpUVcKa2JoSkxnL3hjYzBJWFhDZzNjelJ3VGxBZlVhUldrQ2ZEVk9zdE1jbjRRT0dMZDRxKzNrU1JYZ3VTbXM0MmtzeAo0dTlIcHprVFRRcHhyMGdqZTFCQjZpMXp1eC95cWpMK3lGeVFHcmo1dlFJREFRQUJvMU13VVRBZEJnTlZIUTRFCkZnUVVNTDloTjBTd2JnM3JJTXlLdXNmd1AzQXVURk13SHdZRFZSMGpCQmd3Rm9BVU1MOWhOMFN3YmczcklNeUsKdXNmd1AzQXVURk13RHdZRFZSMFRBUUgvQkFVd0F3RUIvekFOQmdrcWhraUc5dzBCQVFzRkFBT0NBUUVBVnh1Zwo1Zm00Y21STzdVcjRFUjhwZzBtSGhpcmYrSHkrNU5HNnNDZUlMRzZyUWpXbmFocXNXUUp1a2h4T2Mwejh6WHhMCmM4YkY3bjNjQVlQRTJ2VGZaM2dMYmwwRlR5emdRUVVHQlhPOFUvSE9TS1BTQWxKbllmdlhXaGpRT0pmUzhZdncKandzOG1oaGhOL25SRm1JY2wrMlQ3S1BxUGJra3RUbUs3QzlIejBMTTN0TEpnZk1tbkVTTDNKa0RzbjhXcGlVcQoyZGpaOHYvakNidmlUakxkR0IwbzJaZDZqcHdwQy9UcUpsMXBIM2E5ZDBBM2ZwaFBKeUY4cDJMT0lwTW82TDBZCkVNT2hxSEx4eTY0ODRkNFU5NWd0cHhCaVZJbkhydkwwdFlhZWJBQ1NqTEdFZlZ6RkR6NDRLNDMvcnhtRUc5T0YKOTRHZ3h5SnkvaHA0a2t4UVh3PT0KLS0tLS1FTkQgQ0VSVElGSUNBVEUtLS0tLQo=",
              "tls.key": "LS0tLS1CRUdJTiBQUklWQVRFIEtFWS0tLS0tCk1JSUV2QUlCQURBTkJna3Foa2lHOXcwQkFRRUZBQVNDQktZd2dnU2lBZ0VBQW9JQkFRQzNuakFNRkFObm1oRkwKZ3dWYkVrUDJTVWpYMmVsb2hHaGExV2R4T0RreEJobUJZTUVzS2tZMDloenZRZFVvYm9IcWx4N2V5MkdNWDVUbApneVI4dDdRbllVWFFKclY1SmxMZ2VlZGVkL1gzajZxcXZTRENkcWxoVWJwK1RRMWVTRVp1WTExUGZYbjg4V1FSClJOakFGTDRadGdsMVRPbjhVZWRNcXBMMXhrWkFHRWsrYmF2TUFJWXEvVmlhQjl0NDRHdWNOdVUxS1c2bEh5c1EKNjRDVkx2Q1I1TlBsNnJzanpocDYxZXZEY3lhMkpCYVJ1RWt1RC9GeHpRaGRjS0Rkek5IQk9VQjlScEZhUUo4TgpVNnkweHlmaEE0WXQzaXI3ZVJKRmVDNUthemphU3pIaTcwZW5PUk5OQ25HdlNDTjdVRUhxTFhPN0gvS3FNdjdJClhKQWF1UG05QWdNQkFBRUNnZ0VBVnU4VnQzbzRQSEpVMHVnVy9vM1EwSWZVN2FGVjRXNmpDN0p5OWNkVlNKRW4KUFRxR2F2Y2U0MDlNMXJoWUIvcitGb2Z6RFMvRW9SWFY1SzRvOWNWeURaei8xVE9tZ3RQeXRDWHpOYVpkTlpiMwpDanhlQ01QdW9NMTFtdnUzSXhiY0JjS1V1S0JqUTY4MEhmcjNGa1liMVFkN1JlYWk5NXY5Z3k1VlF2amJaTmRzCncyemVDdGhJVnFWbURoRjZva0NwSGFKNWU0cDVEK3o5bVBGQzZwWEc1Q1cvK0hmQUFDeVBZTzJHMFFUUUFnKzYKZmR3OUdrY3M2QnJ6SWQ5UzVCUXowOUxFcHNYeDFRWEdYai9rVHZ6bDM1N3hXdDhyQnVjMFFxMWVUYklPc2ZZTApzRFFJakNuODNSMDB6M1dDTjJ4VCszU3FHdk9jNnpnLzhOMWZLUm9vWHdLQmdRREhyOUs4ZFlLWkUyTnVzUTk2CmN0aUhuZDl2ZUE2L1AvUDRNSUJRdUxOS1RDM3IvYjBLTlBuWG9ONVVtczlQK3ZZeFNUeUlHNnpkbktxQWZRREsKL2NKbTN1bjVkVVJsOGxMVGFJemswajlhVVduTzYwcnBINmVza0lvSTFGQ0c2MWlta0VwYk9RYW1acWxLU204RApXVTZjU0hUMkZVMG9Zemxrb3cxTHNBemhDd0tCZ1FEclprbkZaaCsyWUNkcmp1L0VtTUEwQ1loZEdUZVN4bTNZCmpoaTVmaTY4RHU4clIxQWN4b3V4a0pGS2J0dlh3M1gzbm4wWFVGN2VRb2Q0SS9CQ254UnNCOWNmTDJ5aUE5L2IKY1hDYW8rZE1ua0F0Zjh3M0hLQ3djZGcwVDhwS2VPT3I1L0o3OTI5bWUvMHU5bDhnM0FScWN0MXZtcjdON3YrdQpjT1BEWjNiZFZ3S0JnRmZ6NTN3K3ZmRXlpdjg4V2JielV0QVpCMHNQdEY4a2lnN3RQZmRRQXhoY2lYV0NZM3RWCmJoNDlxdS9VNkM4d09MUG9zQks3TGQ3R25JclBoRVBrbFhXK0JZeHN6RjJpNkR4WnRvVXEzZUNvTDFTR2FvNVgKOVFDYkFWRjJRcW5LaTFlQ0FsNC90ZUFoSTd1bklWSjJTWnVvaG12RllpREI0NHVpRGI4aW9lbVZBb0dBWTJBOApWb1JsY09XbzNxUnFIbEhxR2szSDdwMmRzMjNubzV0aFhyV2hYeXppMVI5Mjk1N3VERmtlclJDZDZMbVFqS2V3CjRXM0JqdzBCQ2J3S1N1WERobFBOQWxKUUJ4bWhvSStFWFJSQ3FqcklseXl6ZHJTME5hanFBRE9MRCtOM0lmUjYKanRFSGkzbGVpanZpTHdvVEp5azB5RS9JcTBGeFdTQTVWeDNQdFdNQ2dZQjJ4VXZPSjUrZEZwaExmR2prYy9DRwpNL3YzRG9VYVFxT2ZEUG53bG5vOGtPWUM3eTI2TVpnQXVvVDd2T1dYUUhRUW1XZHhrWjhpeXpCVE5lN3c1bW92CkMrZldzdU4zMy9keVZVdStmQktTR0MzNUQ1Szh6NjVvM2JZbTZVcjBXMEtXd29XR1VMTTBMSVRSRmRPWU1YZUMKUjczcElhd0ZMUytPUTFmNURWazJqZz09Ci0tLS0tRU5EIFBSSVZBVEUgS0VZLS0tLS0K"
            },
            "id": "prod/tls-secret",
            "immutable": false,
            "metadata": [
              {
                "annotations": {},
                "generate_name": "",
                "generation": 0,
                "labels": {},
                "name": "tls-secret",
                "namespace": "prod",
                "resource_version": "1020",
                "uid": "5dc7960f-a923-4a9a-a5d6-5c8eb2f4ad0f"
              }
            ],
            "timeouts": null,
            "type": "kubernetes.io/tls",
            "wait_for_service_account_token": true
          },
          "sensitive_attributes": [
            [
              {
                "type": "get_attr",
                "value": "binary_data"
              }
            ],
            [
              {
                "type": "get_attr",
                "value": "data"
              }
            ]
          ],
          "private": "eyJlMmJmYjczMC1lY2FhLTExZTYtOGY4OC0zNDM2M2JjN2M0YzAiOnsiY3JlYXRlIjo2MDAwMDAwMDAwMH19",
          "dependencies": [
            "minikube_cluster.tf-project-cluster"
          ]
        }
      ]
    },
    {
      "mode": "managed",
      "type": "kubernetes_service",
      "name": "odoo-service",
      "provider": "provider[\"registry.terraform.io/hashicorp/kubernetes\"]",
      "instances": [
        {
          "index_key": "dev",
          "schema_version": 1,
          "attributes": {
            "id": "dev/odoo-service-dev",
            "metadata": [
              {
                "annotations": {},
                "generate_name": "",
                "generation": 0,
                "labels": {},
                "name": "odoo-service-dev",
                "namespace": "dev",
                "resource_version": "1016",
                "uid": "2bbb9ad0-1149-44fe-ac9d-3fbc48b27621"
              }
            ],
            "spec": [
              {
                "allocate_load_balancer_node_ports": true,
                "cluster_ip": "10.111.53.222",
                "cluster_ips": [
                  "10.111.53.222"
                ],
                "external_ips": [],
                "external_name": "",
                "external_traffic_policy": "",
                "health_check_node_port": 0,
                "internal_traffic_policy": "Cluster",
                "ip_families": [
                  "IPv4"
                ],
                "ip_family_policy": "SingleStack",
                "load_balancer_class": "",
                "load_balancer_ip": "",
                "load_balancer_source_ranges": [],
                "port": [
                  {
                    "app_protocol": "",
                    "name": "",
                    "node_port": 0,
                    "port": 8069,
                    "protocol": "TCP",
                    "target_port": "8069"
                  }
                ],
                "publish_not_ready_addresses": false,
                "selector": {
                  "app": "odoo-app"
                },
                "session_affinity": "None",
                "session_affinity_config": [],
                "type": "ClusterIP"
              }
            ],
            "status": [
              {
                "load_balancer": [
                  {
                    "ingress": []
                  }
                ]
              }
            ],
            "timeouts": null,
            "wait_for_load_balancer": true
          },
          "sensitive_attributes": [],
          "private": "eyJlMmJmYjczMC1lY2FhLTExZTYtOGY4OC0zNDM2M2JjN2M0YzAiOnsiY3JlYXRlIjo2MDAwMDAwMDAwMDB9LCJzY2hlbWFfdmVyc2lvbiI6IjEifQ==",
          "dependencies": [
            "minikube_cluster.tf-project-cluster"
          ]
        },
        {
          "index_key": "prod",
          "schema_version": 1,
          "attributes": {
            "id": "prod/odoo-service-prod",
            "metadata": [
              {
                "annotations": {},
                "generate_name": "",
                "generation": 0,
                "labels": {},
                "name": "odoo-service-prod",
                "namespace": "prod",
                "resource_version": "1012",
                "uid": "fc79f4ca-35d6-46a8-adb6-123242a6b58c"
              }
            ],
            "spec": [
              {
                "allocate_load_balancer_node_ports": true,
                "cluster_ip": "10.101.242.172",
                "cluster_ips": [
                  "10.101.242.172"
                ],
                "external_ips": [],
                "external_name": "",
                "external_traffic_policy": "",
                "health_check_node_port": 0,
                "internal_traffic_policy": "Cluster",
                "ip_families": [
                  "IPv4"
                ],
                "ip_family_policy": "SingleStack",
                "load_balancer_class": "",
                "load_balancer_ip": "",
                "load_balancer_source_ranges": [],
                "port": [
                  {
                    "app_protocol": "",
                    "name": "",
                    "node_port": 0,
                    "port": 8069,
                    "protocol": "TCP",
                    "target_port": "8069"
                  }
                ],
                "publish_not_ready_addresses": false,
                "selector": {
                  "app": "odoo-app"
                },
                "session_affinity": "None",
                "session_affinity_config": [],
                "type": "ClusterIP"
              }
            ],
            "status": [
              {
                "load_balancer": [
                  {
                    "ingress": []
                  }
                ]
              }
            ],
            "timeouts": null,
            "wait_for_load_balancer": true
          },
          "sensitive_attributes": [],
          "private": "eyJlMmJmYjczMC1lY2FhLTExZTYtOGY4OC0zNDM2M2JjN2M0YzAiOnsiY3JlYXRlIjo2MDAwMDAwMDAwMDB9LCJzY2hlbWFfdmVyc2lvbiI6IjEifQ==",
          "dependencies": [
            "minikube_cluster.tf-project-cluster"
          ]
        },
        {
          "index_key": "qa",
          "schema_version": 1,
          "attributes": {
            "id": "qa/odoo-service-qa",
            "metadata": [
              {
                "annotations": {},
                "generate_name": "",
                "generation": 0,
                "labels": {},
                "name": "odoo-service-qa",
                "namespace": "qa",
                "resource_version": "1008",
                "uid": "7ad7cf3d-2cef-4849-8458-deaeecd638d1"
              }
            ],
            "spec": [
              {
                "allocate_load_balancer_node_ports": true,
                "cluster_ip": "10.107.79.184",
                "cluster_ips": [
                  "10.107.79.184"
                ],
                "external_ips": [],
                "external_name": "",
                "external_traffic_policy": "",
                "health_check_node_port": 0,
                "internal_traffic_policy": "Cluster",
                "ip_families": [
                  "IPv4"
                ],
                "ip_family_policy": "SingleStack",
                "load_balancer_class": "",
                "load_balancer_ip": "",
                "load_balancer_source_ranges": [],
                "port": [
                  {
                    "app_protocol": "",
                    "name": "",
                    "node_port": 0,
                    "port": 8069,
                    "protocol": "TCP",
                    "target_port": "8069"
                  }
                ],
                "publish_not_ready_addresses": false,
                "selector": {
                  "app": "odoo-app"
                },
                "session_affinity": "None",
                "session_affinity_config": [],
                "type": "ClusterIP"
              }
            ],
            "status": [
              {
                "load_balancer": [
                  {
                    "ingress": []
                  }
                ]
              }
            ],
            "timeouts": null,
            "wait_for_load_balancer": true
          },
          "sensitive_attributes": [],
          "private": "eyJlMmJmYjczMC1lY2FhLTExZTYtOGY4OC0zNDM2M2JjN2M0YzAiOnsiY3JlYXRlIjo2MDAwMDAwMDAwMDB9LCJzY2hlbWFfdmVyc2lvbiI6IjEifQ==",
          "dependencies": [
            "minikube_cluster.tf-project-cluster"
          ]
        }
      ]
    },
    {
      "mode": "managed",
      "type": "kubernetes_service",
      "name": "postgres-service",
      "provider": "provider[\"registry.terraform.io/hashicorp/kubernetes\"]",
      "instances": [
        {
          "index_key": "dev",
          "schema_version": 1,
          "attributes": {
            "id": "dev/postgres-service-dev",
            "metadata": [
              {
                "annotations": {},
                "generate_name": "",
                "generation": 0,
                "labels": {},
                "name": "postgres-service-dev",
                "namespace": "dev",
                "resource_version": "1024",
                "uid": "d6e810c3-2ebe-46eb-b01a-d6d8f3a55eec"
              }
            ],
            "spec": [
              {
                "allocate_load_balancer_node_ports": true,
                "cluster_ip": "10.101.152.40",
                "cluster_ips": [
                  "10.101.152.40"
                ],
                "external_ips": [],
                "external_name": "",
                "external_traffic_policy": "",
                "health_check_node_port": 0,
                "internal_traffic_policy": "Cluster",
                "ip_families": [
                  "IPv4"
                ],
                "ip_family_policy": "SingleStack",
                "load_balancer_class": "",
                "load_balancer_ip": "",
                "load_balancer_source_ranges": [],
                "port": [
                  {
                    "app_protocol": "",
                    "name": "",
                    "node_port": 0,
                    "port": 5432,
                    "protocol": "TCP",
                    "target_port": "5432"
                  }
                ],
                "publish_not_ready_addresses": false,
                "selector": {
                  "app": "postgres-db"
                },
                "session_affinity": "None",
                "session_affinity_config": [],
                "type": "ClusterIP"
              }
            ],
            "status": [
              {
                "load_balancer": [
                  {
                    "ingress": []
                  }
                ]
              }
            ],
            "timeouts": null,
            "wait_for_load_balancer": true
          },
          "sensitive_attributes": [],
          "private": "eyJlMmJmYjczMC1lY2FhLTExZTYtOGY4OC0zNDM2M2JjN2M0YzAiOnsiY3JlYXRlIjo2MDAwMDAwMDAwMDB9LCJzY2hlbWFfdmVyc2lvbiI6IjEifQ==",
          "dependencies": [
            "minikube_cluster.tf-project-cluster"
          ]
        },
        {
          "index_key": "prod",
          "schema_version": 1,
          "attributes": {
            "id": "prod/postgres-service-prod",
            "metadata": [
              {
                "annotations": {},
                "generate_name": "",
                "generation": 0,
                "labels": {},
                "name": "postgres-service-prod",
                "namespace": "prod",
                "resource_version": "1032",
                "uid": "dca6bab4-3759-4000-ad6d-7ac41881a937"
              }
            ],
            "spec": [
              {
                "allocate_load_balancer_node_ports": true,
                "cluster_ip": "10.110.215.204",
                "cluster_ips": [
                  "10.110.215.204"
                ],
                "external_ips": [],
                "external_name": "",
                "external_traffic_policy": "",
                "health_check_node_port": 0,
                "internal_traffic_policy": "Cluster",
                "ip_families": [
                  "IPv4"
                ],
                "ip_family_policy": "SingleStack",
                "load_balancer_class": "",
                "load_balancer_ip": "",
                "load_balancer_source_ranges": [],
                "port": [
                  {
                    "app_protocol": "",
                    "name": "",
                    "node_port": 0,
                    "port": 5432,
                    "protocol": "TCP",
                    "target_port": "5432"
                  }
                ],
                "publish_not_ready_addresses": false,
                "selector": {
                  "app": "postgres-db"
                },
                "session_affinity": "None",
                "session_affinity_config": [],
                "type": "ClusterIP"
              }
            ],
            "status": [
              {
                "load_balancer": [
                  {
                    "ingress": []
                  }
                ]
              }
            ],
            "timeouts": null,
            "wait_for_load_balancer": true
          },
          "sensitive_attributes": [],
          "private": "eyJlMmJmYjczMC1lY2FhLTExZTYtOGY4OC0zNDM2M2JjN2M0YzAiOnsiY3JlYXRlIjo2MDAwMDAwMDAwMDB9LCJzY2hlbWFfdmVyc2lvbiI6IjEifQ==",
          "dependencies": [
            "minikube_cluster.tf-project-cluster"
          ]
        },
        {
          "index_key": "qa",
          "schema_version": 1,
          "attributes": {
            "id": "qa/postgres-service-qa",
            "metadata": [
              {
                "annotations": {},
                "generate_name": "",
                "generation": 0,
                "labels": {},
                "name": "postgres-service-qa",
                "namespace": "qa",
                "resource_version": "1028",
                "uid": "e5428ad3-5049-45d9-8968-3d394800e3c2"
              }
            ],
            "spec": [
              {
                "allocate_load_balancer_node_ports": true,
                "cluster_ip": "10.103.106.15",
                "cluster_ips": [
                  "10.103.106.15"
                ],
                "external_ips": [],
                "external_name": "",
                "external_traffic_policy": "",
                "health_check_node_port": 0,
                "internal_traffic_policy": "Cluster",
                "ip_families": [
                  "IPv4"
                ],
                "ip_family_policy": "SingleStack",
                "load_balancer_class": "",
                "load_balancer_ip": "",
                "load_balancer_source_ranges": [],
                "port": [
                  {
                    "app_protocol": "",
                    "name": "",
                    "node_port": 0,
                    "port": 5432,
                    "protocol": "TCP",
                    "target_port": "5432"
                  }
                ],
                "publish_not_ready_addresses": false,
                "selector": {
                  "app": "postgres-db"
                },
                "session_affinity": "None",
                "session_affinity_config": [],
                "type": "ClusterIP"
              }
            ],
            "status": [
              {
                "load_balancer": [
                  {
                    "ingress": []
                  }
                ]
              }
            ],
            "timeouts": null,
            "wait_for_load_balancer": true
          },
          "sensitive_attributes": [],
          "private": "eyJlMmJmYjczMC1lY2FhLTExZTYtOGY4OC0zNDM2M2JjN2M0YzAiOnsiY3JlYXRlIjo2MDAwMDAwMDAwMDB9LCJzY2hlbWFfdmVyc2lvbiI6IjEifQ==",
          "dependencies": [
            "minikube_cluster.tf-project-cluster"
          ]
        }
      ]
    },
    {
      "mode": "managed",
      "type": "minikube_cluster",
      "name": "tf-project-cluster",
      "provider": "provider[\"registry.terraform.io/scott-the-programmer/minikube\"]",
      "instances": [
        {
          "schema_version": 0,
          "attributes": {
            "addons": [
              "ingress"
            ],
            "apiserver_ips": [],
            "apiserver_name": "minikubeCA",
            "apiserver_names": [],
            "apiserver_port": 8443,
            "auto_pause_interval": 1,
            "auto_update_drivers": true,
            "base_image": "gcr.io/k8s-minikube/kicbase:v0.0.44@sha256:eb04641328b06c5c4a14f4348470e1046bbcf9c2cbc551486e343d3a49db557e",
            "binary_mirror": null,
            "cache_images": true,
            "cert_expiration": 1576800,
            "client_certificate": "-----BEGIN CERTIFICATE-----\nMIIDITCCAgmgAwIBAgIBAjANBgkqhkiG9w0BAQsFADAVMRMwEQYDVQQDEwptaW5p\na3ViZUNBMB4XDTI1MDEyOTE4MzcxMVoXDTI4MDEzMDE4MzcxMVowMTEXMBUGA1UE\nChMOc3lzdGVtOm1hc3RlcnMxFjAUBgNVBAMTDW1pbmlrdWJlLXVzZXIwggEiMA0G\nCSqGSIb3DQEBAQUAA4IBDwAwggEKAoIBAQDliutIzfAgB0xJ1VBxASe/7Pr5mLTN\nHdOvs7dsGgnXYNmqaLad46VBApqoSWr8tLGJekxy+d7gCWV6pGuufpc1dA/Ktsbp\nf7cJyfS0M0WQXO3HyHXFQwnveMFWgBy5KSeIo7arOAKmDicCfx/JU13U1PItYQB2\nLPzndg9CV6j0qgAC/S6J0lflrntA/QtLldRv1Sb7GgG8+fRXBu/U6ctUHLdqq6Wo\n6QcPYgziJotQTnkMFQP40ma1O2gHtkZpkgsQikazbV6SGxbEfvSQGfS/gcEbhwBx\nEPBTdNf5jWi6kNpaZIXjS1O8ONBPkL0qeQKvxNFw9emUkODHbwKBn+e1AgMBAAGj\nYDBeMA4GA1UdDwEB/wQEAwIFoDAdBgNVHSUEFjAUBggrBgEFBQcDAQYIKwYBBQUH\nAwIwDAYDVR0TAQH/BAIwADAfBgNVHSMEGDAWgBRoaJcUFdOZ3cyoN7wJDBLhTlR+\nYzANBgkqhkiG9w0BAQsFAAOCAQEADCj+UBdivBBzAlIk/HiFq0ndBI6aQ0lKwWvj\n7WFlLmABNukAZ61S02jCjaaay8wliklqkpaInqnvzik/VD0evtsyGleWAYxjdJYP\nuzEykIYaypMvneutaTvRoPljX4luxr5fkA+iYnlsZfO0Sv+NKsogNgjYtxnewIyz\nd/o2QubcIEs51hwfONBnZCVZCMaEu18yJlUI4U3ov2X9CCngsRUjl5q0PqqtZPV4\nyhm/rAaQwdODBKbRDFmsBNluijbXdzueG0pxP9X6kcMCeFNjQ2Y/gpyiyVflkmX3\nFk7A9/w6tsumx+tIDdk1R6TddKKtaLMDQ7AL5NLambi6n68oMw==\n-----END CERTIFICATE-----\n",
            "client_key": "-----BEGIN RSA PRIVATE KEY-----\nMIIEpQIBAAKCAQEA5YrrSM3wIAdMSdVQcQEnv+z6+Zi0zR3Tr7O3bBoJ12DZqmi2\nneOlQQKaqElq/LSxiXpMcvne4AlleqRrrn6XNXQPyrbG6X+3Ccn0tDNFkFztx8h1\nxUMJ73jBVoAcuSkniKO2qzgCpg4nAn8fyVNd1NTyLWEAdiz853YPQleo9KoAAv0u\nidJX5a57QP0LS5XUb9Um+xoBvPn0Vwbv1OnLVBy3aqulqOkHD2IM4iaLUE55DBUD\n+NJmtTtoB7ZGaZILEIpGs21ekhsWxH70kBn0v4HBG4cAcRDwU3TX+Y1oupDaWmSF\n40tTvDjQT5C9KnkCr8TRcPXplJDgx28CgZ/ntQIDAQABAoIBADYZdbalAtEppytH\noTvg/9NWMRieiw5E111zx+ksgeFHLEXjhBbWTl5yFK1REGwa0jUKo/X9OjAnRsmO\n8uofX9fzUL2AMoVZ2nPuK0RFSUHrBQevEUK6uB6+oSKX8y0Yq/6iRy03eDhW4Y7P\nE1jJ0zWUMrfLQuaXV8vdoV8LdgCjljGFYdBHio+o8okDJXURN0pRPNKzp135cwt0\n6Z9rv2NnRSGJW/yKVYX8hQup4TUeQlu/2YldfMn1LkdOaz9RAD9pkWJXIQUbLhwK\nxUooi0ipZu/SRri9fo215QzTuA9DR6oMwlfS+razWJLjIkgqhNhOaGpqZSYdlYJr\n3FtIlwkCgYEA9imWPD3t2LpqxLAyJCqSBLm1itabObbj349jvkT893qwEahINtg6\nGcr0Q4S7cTUer/QjEzFens8C3WvQ3l6aUa4AC13Qb8Nem4Kjh0pjc/rROtnWaqBY\nabR3E4oK/5lamoHOjZ6t+FRZm80Z5S0aD9NiwsJ8BiYLQUaPtX7tI9cCgYEA7rdM\n1krPM7RwIL0M02+H3bUey6TvURiJODMi5NpRrsVkawIXGf3kOjKpNBCAEe9ww4ZK\nW36kkl/5F751KLOvgKEPRgrsMx8ESt/bmolnQYkcl70DLi260yOkH4v4d908oa0W\nxoDr8QG+Ir0TBDhtSO6PdTGg2B6wp7DY9OsD31MCgYEAr5T2Pj4GGyLM6UKsYTOk\nN46nOULeMYqMe3fxs1POBFAUqmOYLtaIisFC/a39bUBwhRzkr9n1Hd2Ws40lzJc6\nB6zPB0yBUlbOcqn6LpQW4DE1cH7U+/UnWy6ICP3b3njqMW8Jf+aBPLIdwI3JPLiw\n8DzdIwJKKLCWMpc8Bj9ksr0CgYEAioMLb5Aq2DqLkUOAzLJ7aHaursU+I5UUEesC\nBT50hO9+S+UDmI5MPkSlD1O/rCh+CsXCIYLDZTeQ5mkZvAs++2j43tB5q1QE/pkT\n6IBvzIQNdjIzRTk9nUOh+LgT7SEPDFTN0VJ/FPHI7Ik/HoTLTLU3wm2QgbaVFEg2\nKy6uqYcCgYEAvIlj22kFW9DRWBUeC9x5xHj5uOka6X01CWtzDrdxxSgHEh0EJIBy\nCdkZS0VTmnzpU4QfiplR4n0qh6hoRV0ALQcmMFy+a7HP/MYwve1m1fS4+eZkYwY5\nUoy59yiLnZn97Mesi2hI0Q2Q+mPsYXLwqKa1VIRhpeJk2W+TQUAFgpk=\n-----END RSA PRIVATE KEY-----\n",
            "cluster_ca_certificate": "-----BEGIN CERTIFICATE-----\nMIIDBjCCAe6gAwIBAgIBATANBgkqhkiG9w0BAQsFADAVMRMwEQYDVQQDEwptaW5p\na3ViZUNBMB4XDTI1MDEwODE0MTkwN1oXDTM1MDEwNzE0MTkwN1owFTETMBEGA1UE\nAxMKbWluaWt1YmVDQTCCASIwDQYJKoZIhvcNAQEBBQADggEPADCCAQoCggEBALIj\nhItUo+lvTv/igOCh/LH24NpWwQDgWb54NAmWfuREz0SNf16kGp4l3oocn/O0rhlc\nLkO2y8YjJIrebCXsDTOfJUprxgR8akZ53imuDBz/eWFqTYI3Vl7xu3b5T0iOOM0T\nsNSej3tHkyHpVjt2/8elkVxJ+FzdkpIgx90j2o25ARHL8h77RKy+12TW4b2Nj3MW\n3DlWS8LFhUUtdHlFfPB3DTw0VihqKLY0xusI4k+AZ+zGiIdwyFkH2+Dr0hO4KHIp\n+yWaNaXHZ4oFpdbZaLeE1Rney6zgnL95VtNwIwpSD65lI+Qk8Dh/rdbIQBOLTafp\nsVwJpmyb9jRnJcDKXI8CAwEAAaNhMF8wDgYDVR0PAQH/BAQDAgKkMB0GA1UdJQQW\nMBQGCCsGAQUFBwMCBggrBgEFBQcDATAPBgNVHRMBAf8EBTADAQH/MB0GA1UdDgQW\nBBRoaJcUFdOZ3cyoN7wJDBLhTlR+YzANBgkqhkiG9w0BAQsFAAOCAQEAhV0xGmZO\nadsYWFsHPO6qAR2cM2W2pFKZzXgEwYFL8+stYd5gqgw1hhcHhgVxo1pxhPDTbJqO\nlVmzUcidFgEMHMqW1ZgJROgcXC9CP7xxS8DNtkfGkL0fBnLXux+ax+sr4YW10vnX\n3O0GLKvgZtjyuzlOB83/SenZ4oHKe7efvDcYI03J/84gFI4D1d1Tj5yKy37NRzRh\nXIc9c5ZvyQuZ6wjccOkDiCSVtk7YdA6z/KbGeNr++GX6VI/3IixVytPZUH4wqpQ/\nJcAUXjsBxLzOeRq8BS5pO3zZff6zcIxrN5jk9D9+oeRl2J6lKVizrUqRe63TqZHA\nFaWVSAP76wF2jQ==\n-----END CERTIFICATE-----\n",
            "cluster_name": "meta-Cluster",
            "cni": "",
            "container_runtime": "docker",
            "cpus": 2,
            "cri_socket": "",
            "delete_on_failure": false,
            "disable_driver_mounts": false,
            "disable_metrics": false,
            "disable_optimizations": false,
            "disk_size": "20000mb",
            "dns_domain": "cluster.local",
            "dns_proxy": false,
            "docker_env": null,
            "docker_opt": null,
            "download_only": false,
            "driver": "docker",
            "dry_run": false,
            "embed_certs": false,
            "enable_default_cni": false,
            "extra_config": [],
            "extra_disks": 0,
            "feature_gates": "",
            "force": false,
            "force_systemd": false,
            "gpus": null,
            "ha": false,
            "host": "https://127.0.0.1:57524",
            "host_dns_resolver": true,
            "host_only_cidr": "192.168.59.1/24",
            "host_only_nic_type": "virtio",
            "hyperkit_vpnkit_sock": "",
            "hyperkit_vsock_ports": [],
            "hyperv_external_adapter": "",
            "hyperv_use_external_switch": false,
            "hyperv_virtual_switch": "",
            "id": "meta-Cluster",
            "image_mirror_country": null,
            "image_repository": "",
            "insecure_registry": [],
            "install_addons": true,
            "interactive": true,
            "iso_url": [
              "https://github.com/kubernetes/minikube/releases/download/v1.33.0/minikube-v1.33.0-amd64.iso"
            ],
            "keep_context": false,
            "kubernetes_version": null,
            "kvm_gpu": false,
            "kvm_hidden": false,
            "kvm_network": "default",
            "kvm_numa_count": 1,
            "kvm_qemu_uri": "qemu:///system",
            "listen_address": "",
            "memory": "4096mb",
            "mount": false,
            "mount_9p_version": "9p2000.L",
            "mount_gid": "docker",
            "mount_ip": null,
            "mount_msize": 262144,
            "mount_options": null,
            "mount_port": 0,
            "mount_string": "/home:/minikube-host",
            "mount_type": "9p",
            "mount_uid": "docker",
            "namespace": "default",
            "nat_nic_type": "virtio",
            "native_ssh": true,
            "network": "",
            "network_plugin": null,
            "nfs_share": [],
            "nfs_shares_root": "/nfsshares",
            "no_kubernetes": false,
            "no_vtx_check": false,
            "nodes": 1,
            "output": "text",
            "ports": [],
            "preload": true,
            "qemu_firmware_path": null,
            "registry_mirror": [],
            "service_cluster_ip_range": "10.96.0.0/12",
            "socket_vmnet_client_path": "/usr/local/opt/socket_vmnet/bin/socket_vmnet_client",
            "socket_vmnet_path": "/usr/local/var/run/socket_vmnet",
            "ssh_ip_address": "",
            "ssh_key": "",
            "ssh_port": 22,
            "ssh_user": "root",
            "static_ip": null,
            "subnet": null,
            "trace": null,
            "uuid": "",
            "vm": false,
            "vm_driver": null,
            "wait": null,
            "wait_timeout": 6
          },
          "sensitive_attributes": [
            [
              {
                "type": "get_attr",
                "value": "client_key"
              }
            ],
            [
              {
                "type": "get_attr",
                "value": "cluster_ca_certificate"
              }
            ],
            [
              {
                "type": "get_attr",
                "value": "client_certificate"
              }
            ]
          ],
          "private": "bnVsbA=="
        }
      ]
    }
  ],
  "check_results": null
}
