{
  "version": 4,
  "terraform_version": "1.10.4",
  "serial": 18,
  "lineage": "d71fbd45-219d-c86e-4546-2cb2e6187e4d",
  "outputs": {},
  "resources": [
    {
      "mode": "managed",
      "type": "kubernetes_namespace",
      "name": "namespace",
      "provider": "provider[\"registry.terraform.io/hashicorp/kubernetes\"]",
      "instances": [
        {
          "index_key": "dev",
          "schema_version": 0,
          "attributes": {
            "id": "dev",
            "metadata": [
              {
                "annotations": null,
                "generate_name": "",
                "generation": 0,
                "labels": {
                  "client": "Meta"
                },
                "name": "dev",
                "resource_version": "1060",
                "uid": "039c8945-ffcd-4977-8528-ff77dabc273e"
              }
            ],
            "timeouts": null
          },
          "sensitive_attributes": [],
          "private": "eyJlMmJmYjczMC1lY2FhLTExZTYtOGY4OC0zNDM2M2JjN2M0YzAiOnsiZGVsZXRlIjozMDAwMDAwMDAwMDB9fQ==",
          "dependencies": [
            "minikube_cluster.tf-project-cluster"
          ]
        },
        {
          "index_key": "prod",
          "schema_version": 0,
          "attributes": {
            "id": "prod",
            "metadata": [
              {
                "annotations": null,
                "generate_name": "",
                "generation": 0,
                "labels": {
                  "client": "Meta"
                },
                "name": "prod",
                "resource_version": "1044",
                "uid": "bcc1e53e-c4db-4a3b-9bad-4609b33e986a"
              }
            ],
            "timeouts": null
          },
          "sensitive_attributes": [],
          "private": "eyJlMmJmYjczMC1lY2FhLTExZTYtOGY4OC0zNDM2M2JjN2M0YzAiOnsiZGVsZXRlIjozMDAwMDAwMDAwMDB9fQ==",
          "dependencies": [
            "minikube_cluster.tf-project-cluster"
          ]
        },
        {
          "index_key": "qa",
          "schema_version": 0,
          "attributes": {
            "id": "qa",
            "metadata": [
              {
                "annotations": null,
                "generate_name": "",
                "generation": 0,
                "labels": {
                  "client": "Meta"
                },
                "name": "qa",
                "resource_version": "1045",
                "uid": "734d9c18-864a-462a-94d1-e24dfb379d34"
              }
            ],
            "timeouts": null
          },
          "sensitive_attributes": [],
          "private": "eyJlMmJmYjczMC1lY2FhLTExZTYtOGY4OC0zNDM2M2JjN2M0YzAiOnsiZGVsZXRlIjozMDAwMDAwMDAwMDB9fQ==",
          "dependencies": [
            "minikube_cluster.tf-project-cluster"
          ]
        }
      ]
    },
    {
      "mode": "managed",
      "type": "kubernetes_secret",
      "name": "odoo-secrets",
      "provider": "provider[\"registry.terraform.io/hashicorp/kubernetes\"]",
      "instances": [
        {
          "index_key": "prod",
          "schema_version": 0,
          "attributes": {
            "binary_data": null,
            "data": {
              "postgres_password": "password"
            },
            "id": "prod/odoo-secrets",
            "immutable": false,
            "metadata": [
              {
                "annotations": null,
                "generate_name": "",
                "generation": 0,
                "labels": null,
                "name": "odoo-secrets",
                "namespace": "prod",
                "resource_version": "1051",
                "uid": "2ad0e2de-1ec3-4bb2-9362-939a768e97aa"
              }
            ],
            "timeouts": null,
            "type": "Opaque",
            "wait_for_service_account_token": true
          },
          "sensitive_attributes": [
            [
              {
                "type": "get_attr",
                "value": "binary_data"
              }
            ],
            [
              {
                "type": "get_attr",
                "value": "data"
              }
            ]
          ],
          "private": "eyJlMmJmYjczMC1lY2FhLTExZTYtOGY4OC0zNDM2M2JjN2M0YzAiOnsiY3JlYXRlIjo2MDAwMDAwMDAwMH19",
          "dependencies": [
            "minikube_cluster.tf-project-cluster"
          ]
        },
        {
          "index_key": "qa",
          "schema_version": 0,
          "attributes": {
            "binary_data": null,
            "data": {
              "postgres_password": "password"
            },
            "id": "qa/odoo-secrets",
            "immutable": false,
            "metadata": [
              {
                "annotations": null,
                "generate_name": "",
                "generation": 0,
                "labels": null,
                "name": "odoo-secrets",
                "namespace": "qa",
                "resource_version": "1052",
                "uid": "43e52e18-9d53-4c57-a794-53d45655fd34"
              }
            ],
            "timeouts": null,
            "type": "Opaque",
            "wait_for_service_account_token": true
          },
          "sensitive_attributes": [
            [
              {
                "type": "get_attr",
                "value": "binary_data"
              }
            ],
            [
              {
                "type": "get_attr",
                "value": "data"
              }
            ]
          ],
          "private": "eyJlMmJmYjczMC1lY2FhLTExZTYtOGY4OC0zNDM2M2JjN2M0YzAiOnsiY3JlYXRlIjo2MDAwMDAwMDAwMH19",
          "dependencies": [
            "minikube_cluster.tf-project-cluster"
          ]
        }
      ]
    },
    {
      "mode": "managed",
      "type": "kubernetes_secret",
      "name": "tls_secret",
      "provider": "provider[\"registry.terraform.io/hashicorp/kubernetes\"]",
      "instances": [
        {
          "schema_version": 0,
          "attributes": {
            "binary_data": null,
            "data": {
              "tls.crt": "LS0tLS1CRUdJTiBDRVJUSUZJQ0FURS0tLS0tCk1JSURDVENDQWZHZ0F3SUJBZ0lVRG42LzVpVDBydUJFVW1MVC9haEJ3TWxFZG00d0RRWUpLb1pJaHZjTkFRRUwKQlFBd0ZERVNNQkFHQTFVRUF3d0piRzlqWVd4b2IzTjBNQjRYRFRJMU1ERXlPREl3TWpJeE4xb1hEVEkyTURFeQpPREl3TWpJeE4xb3dGREVTTUJBR0ExVUVBd3dKYkc5allXeG9iM04wTUlJQklqQU5CZ2txaGtpRzl3MEJBUUVGCkFBT0NBUThBTUlJQkNnS0NBUUVBdDU0d0RCUURaNW9SUzRNRld4SkQ5a2xJMTlucGFJUm9XdFZuY1RnNU1RWVoKZ1dEQkxDcEdOUFljNzBIVktHNkI2cGNlM3N0aGpGK1U1WU1rZkxlMEoyRkYwQ2ExZVNaUzRIbm5YbmYxOTQrcQpxcjBnd25hcFlWRzZmazBOWGtoR2JtTmRUMzE1L1BGa0VVVFl3QlMrR2JZSmRVenAvRkhuVEtxUzljWkdRQmhKClBtMnJ6QUNHS3YxWW1nZmJlT0JybkRibE5TbHVwUjhyRU91QWxTN3drZVRUNWVxN0k4NGFldFhydzNNbXRpUVcKa2JoSkxnL3hjYzBJWFhDZzNjelJ3VGxBZlVhUldrQ2ZEVk9zdE1jbjRRT0dMZDRxKzNrU1JYZ3VTbXM0MmtzeAo0dTlIcHprVFRRcHhyMGdqZTFCQjZpMXp1eC95cWpMK3lGeVFHcmo1dlFJREFRQUJvMU13VVRBZEJnTlZIUTRFCkZnUVVNTDloTjBTd2JnM3JJTXlLdXNmd1AzQXVURk13SHdZRFZSMGpCQmd3Rm9BVU1MOWhOMFN3YmczcklNeUsKdXNmd1AzQXVURk13RHdZRFZSMFRBUUgvQkFVd0F3RUIvekFOQmdrcWhraUc5dzBCQVFzRkFBT0NBUUVBVnh1Zwo1Zm00Y21STzdVcjRFUjhwZzBtSGhpcmYrSHkrNU5HNnNDZUlMRzZyUWpXbmFocXNXUUp1a2h4T2Mwejh6WHhMCmM4YkY3bjNjQVlQRTJ2VGZaM2dMYmwwRlR5emdRUVVHQlhPOFUvSE9TS1BTQWxKbllmdlhXaGpRT0pmUzhZdncKandzOG1oaGhOL25SRm1JY2wrMlQ3S1BxUGJra3RUbUs3QzlIejBMTTN0TEpnZk1tbkVTTDNKa0RzbjhXcGlVcQoyZGpaOHYvakNidmlUakxkR0IwbzJaZDZqcHdwQy9UcUpsMXBIM2E5ZDBBM2ZwaFBKeUY4cDJMT0lwTW82TDBZCkVNT2hxSEx4eTY0ODRkNFU5NWd0cHhCaVZJbkhydkwwdFlhZWJBQ1NqTEdFZlZ6RkR6NDRLNDMvcnhtRUc5T0YKOTRHZ3h5SnkvaHA0a2t4UVh3PT0KLS0tLS1FTkQgQ0VSVElGSUNBVEUtLS0tLQo=",
              "tls.key": "LS0tLS1CRUdJTiBQUklWQVRFIEtFWS0tLS0tCk1JSUV2QUlCQURBTkJna3Foa2lHOXcwQkFRRUZBQVNDQktZd2dnU2lBZ0VBQW9JQkFRQzNuakFNRkFObm1oRkwKZ3dWYkVrUDJTVWpYMmVsb2hHaGExV2R4T0RreEJobUJZTUVzS2tZMDloenZRZFVvYm9IcWx4N2V5MkdNWDVUbApneVI4dDdRbllVWFFKclY1SmxMZ2VlZGVkL1gzajZxcXZTRENkcWxoVWJwK1RRMWVTRVp1WTExUGZYbjg4V1FSClJOakFGTDRadGdsMVRPbjhVZWRNcXBMMXhrWkFHRWsrYmF2TUFJWXEvVmlhQjl0NDRHdWNOdVUxS1c2bEh5c1EKNjRDVkx2Q1I1TlBsNnJzanpocDYxZXZEY3lhMkpCYVJ1RWt1RC9GeHpRaGRjS0Rkek5IQk9VQjlScEZhUUo4TgpVNnkweHlmaEE0WXQzaXI3ZVJKRmVDNUthemphU3pIaTcwZW5PUk5OQ25HdlNDTjdVRUhxTFhPN0gvS3FNdjdJClhKQWF1UG05QWdNQkFBRUNnZ0VBVnU4VnQzbzRQSEpVMHVnVy9vM1EwSWZVN2FGVjRXNmpDN0p5OWNkVlNKRW4KUFRxR2F2Y2U0MDlNMXJoWUIvcitGb2Z6RFMvRW9SWFY1SzRvOWNWeURaei8xVE9tZ3RQeXRDWHpOYVpkTlpiMwpDanhlQ01QdW9NMTFtdnUzSXhiY0JjS1V1S0JqUTY4MEhmcjNGa1liMVFkN1JlYWk5NXY5Z3k1VlF2amJaTmRzCncyemVDdGhJVnFWbURoRjZva0NwSGFKNWU0cDVEK3o5bVBGQzZwWEc1Q1cvK0hmQUFDeVBZTzJHMFFUUUFnKzYKZmR3OUdrY3M2QnJ6SWQ5UzVCUXowOUxFcHNYeDFRWEdYai9rVHZ6bDM1N3hXdDhyQnVjMFFxMWVUYklPc2ZZTApzRFFJakNuODNSMDB6M1dDTjJ4VCszU3FHdk9jNnpnLzhOMWZLUm9vWHdLQmdRREhyOUs4ZFlLWkUyTnVzUTk2CmN0aUhuZDl2ZUE2L1AvUDRNSUJRdUxOS1RDM3IvYjBLTlBuWG9ONVVtczlQK3ZZeFNUeUlHNnpkbktxQWZRREsKL2NKbTN1bjVkVVJsOGxMVGFJemswajlhVVduTzYwcnBINmVza0lvSTFGQ0c2MWlta0VwYk9RYW1acWxLU204RApXVTZjU0hUMkZVMG9Zemxrb3cxTHNBemhDd0tCZ1FEclprbkZaaCsyWUNkcmp1L0VtTUEwQ1loZEdUZVN4bTNZCmpoaTVmaTY4RHU4clIxQWN4b3V4a0pGS2J0dlh3M1gzbm4wWFVGN2VRb2Q0SS9CQ254UnNCOWNmTDJ5aUE5L2IKY1hDYW8rZE1ua0F0Zjh3M0hLQ3djZGcwVDhwS2VPT3I1L0o3OTI5bWUvMHU5bDhnM0FScWN0MXZtcjdON3YrdQpjT1BEWjNiZFZ3S0JnRmZ6NTN3K3ZmRXlpdjg4V2JielV0QVpCMHNQdEY4a2lnN3RQZmRRQXhoY2lYV0NZM3RWCmJoNDlxdS9VNkM4d09MUG9zQks3TGQ3R25JclBoRVBrbFhXK0JZeHN6RjJpNkR4WnRvVXEzZUNvTDFTR2FvNVgKOVFDYkFWRjJRcW5LaTFlQ0FsNC90ZUFoSTd1bklWSjJTWnVvaG12RllpREI0NHVpRGI4aW9lbVZBb0dBWTJBOApWb1JsY09XbzNxUnFIbEhxR2szSDdwMmRzMjNubzV0aFhyV2hYeXppMVI5Mjk1N3VERmtlclJDZDZMbVFqS2V3CjRXM0JqdzBCQ2J3S1N1WERobFBOQWxKUUJ4bWhvSStFWFJSQ3FqcklseXl6ZHJTME5hanFBRE9MRCtOM0lmUjYKanRFSGkzbGVpanZpTHdvVEp5azB5RS9JcTBGeFdTQTVWeDNQdFdNQ2dZQjJ4VXZPSjUrZEZwaExmR2prYy9DRwpNL3YzRG9VYVFxT2ZEUG53bG5vOGtPWUM3eTI2TVpnQXVvVDd2T1dYUUhRUW1XZHhrWjhpeXpCVE5lN3c1bW92CkMrZldzdU4zMy9keVZVdStmQktTR0MzNUQ1Szh6NjVvM2JZbTZVcjBXMEtXd29XR1VMTTBMSVRSRmRPWU1YZUMKUjczcElhd0ZMUytPUTFmNURWazJqZz09Ci0tLS0tRU5EIFBSSVZBVEUgS0VZLS0tLS0K"
            },
            "id": "prod/tls-secret",
            "immutable": false,
            "metadata": [
              {
                "annotations": null,
                "generate_name": "",
                "generation": 0,
                "labels": null,
                "name": "tls-secret",
                "namespace": "prod",
                "resource_version": "1053",
                "uid": "d1d19a6c-0708-45ef-8d81-2360833f1560"
              }
            ],
            "timeouts": null,
            "type": "kubernetes.io/tls",
            "wait_for_service_account_token": true
          },
          "sensitive_attributes": [
            [
              {
                "type": "get_attr",
                "value": "binary_data"
              }
            ],
            [
              {
                "type": "get_attr",
                "value": "data"
              }
            ]
          ],
          "private": "eyJlMmJmYjczMC1lY2FhLTExZTYtOGY4OC0zNDM2M2JjN2M0YzAiOnsiY3JlYXRlIjo2MDAwMDAwMDAwMH19",
          "dependencies": [
            "minikube_cluster.tf-project-cluster"
          ]
        }
      ]
    },
    {
      "mode": "managed",
      "type": "kubernetes_service",
      "name": "odoo-service",
      "provider": "provider[\"registry.terraform.io/hashicorp/kubernetes\"]",
      "instances": [
        {
          "index_key": "prod",
          "schema_version": 1,
          "attributes": {
            "id": "prod/odoo-service-prod",
            "metadata": [
              {
                "annotations": null,
                "generate_name": "",
                "generation": 0,
                "labels": null,
                "name": "odoo-service-prod",
                "namespace": "prod",
                "resource_version": "1070",
                "uid": "2b941730-24a4-439f-8a83-d2e3b7de4ec9"
              }
            ],
            "spec": [
              {
                "allocate_load_balancer_node_ports": true,
                "cluster_ip": "10.102.187.249",
                "cluster_ips": [
                  "10.102.187.249"
                ],
                "external_ips": null,
                "external_name": "",
                "external_traffic_policy": "",
                "health_check_node_port": 0,
                "internal_traffic_policy": "Cluster",
                "ip_families": [
                  "IPv4"
                ],
                "ip_family_policy": "SingleStack",
                "load_balancer_class": "",
                "load_balancer_ip": "",
                "load_balancer_source_ranges": null,
                "port": [
                  {
                    "app_protocol": "",
                    "name": "",
                    "node_port": 0,
                    "port": 8069,
                    "protocol": "TCP",
                    "target_port": "8069"
                  }
                ],
                "publish_not_ready_addresses": false,
                "selector": {
                  "app": "odoo-app"
                },
                "session_affinity": "None",
                "session_affinity_config": [],
                "type": "ClusterIP"
              }
            ],
            "status": [
              {
                "load_balancer": [
                  {
                    "ingress": []
                  }
                ]
              }
            ],
            "timeouts": null,
            "wait_for_load_balancer": true
          },
          "sensitive_attributes": [],
          "private": "eyJlMmJmYjczMC1lY2FhLTExZTYtOGY4OC0zNDM2M2JjN2M0YzAiOnsiY3JlYXRlIjo2MDAwMDAwMDAwMDB9LCJzY2hlbWFfdmVyc2lvbiI6IjEifQ==",
          "dependencies": [
            "minikube_cluster.tf-project-cluster"
          ]
        },
        {
          "index_key": "qa",
          "schema_version": 1,
          "attributes": {
            "id": "qa/odoo-service-qa",
            "metadata": [
              {
                "annotations": null,
                "generate_name": "",
                "generation": 0,
                "labels": null,
                "name": "odoo-service-qa",
                "namespace": "qa",
                "resource_version": "1055",
                "uid": "c5d340a6-0a08-4dee-a54a-dd936f0c5d4b"
              }
            ],
            "spec": [
              {
                "allocate_load_balancer_node_ports": true,
                "cluster_ip": "10.99.61.224",
                "cluster_ips": [
                  "10.99.61.224"
                ],
                "external_ips": null,
                "external_name": "",
                "external_traffic_policy": "",
                "health_check_node_port": 0,
                "internal_traffic_policy": "Cluster",
                "ip_families": [
                  "IPv4"
                ],
                "ip_family_policy": "SingleStack",
                "load_balancer_class": "",
                "load_balancer_ip": "",
                "load_balancer_source_ranges": null,
                "port": [
                  {
                    "app_protocol": "",
                    "name": "",
                    "node_port": 0,
                    "port": 8069,
                    "protocol": "TCP",
                    "target_port": "8069"
                  }
                ],
                "publish_not_ready_addresses": false,
                "selector": {
                  "app": "odoo-app"
                },
                "session_affinity": "None",
                "session_affinity_config": [],
                "type": "ClusterIP"
              }
            ],
            "status": [
              {
                "load_balancer": [
                  {
                    "ingress": []
                  }
                ]
              }
            ],
            "timeouts": null,
            "wait_for_load_balancer": true
          },
          "sensitive_attributes": [],
          "private": "eyJlMmJmYjczMC1lY2FhLTExZTYtOGY4OC0zNDM2M2JjN2M0YzAiOnsiY3JlYXRlIjo2MDAwMDAwMDAwMDB9LCJzY2hlbWFfdmVyc2lvbiI6IjEifQ==",
          "dependencies": [
            "minikube_cluster.tf-project-cluster"
          ]
        }
      ]
    },
    {
      "mode": "managed",
      "type": "kubernetes_service",
      "name": "postgres-service",
      "provider": "provider[\"registry.terraform.io/hashicorp/kubernetes\"]",
      "instances": [
        {
          "index_key": "prod",
          "schema_version": 1,
          "attributes": {
            "id": "prod/postgres-service-prod",
            "metadata": [
              {
                "annotations": null,
                "generate_name": "",
                "generation": 0,
                "labels": null,
                "name": "postgres-service-prod",
                "namespace": "prod",
                "resource_version": "1059",
                "uid": "330b4fb2-c086-4207-9766-6c0236be3fbf"
              }
            ],
            "spec": [
              {
                "allocate_load_balancer_node_ports": true,
                "cluster_ip": "10.96.196.219",
                "cluster_ips": [
                  "10.96.196.219"
                ],
                "external_ips": null,
                "external_name": "",
                "external_traffic_policy": "",
                "health_check_node_port": 0,
                "internal_traffic_policy": "Cluster",
                "ip_families": [
                  "IPv4"
                ],
                "ip_family_policy": "SingleStack",
                "load_balancer_class": "",
                "load_balancer_ip": "",
                "load_balancer_source_ranges": null,
                "port": [
                  {
                    "app_protocol": "",
                    "name": "",
                    "node_port": 0,
                    "port": 5432,
                    "protocol": "TCP",
                    "target_port": "5432"
                  }
                ],
                "publish_not_ready_addresses": false,
                "selector": {
                  "app": "postgres-db"
                },
                "session_affinity": "None",
                "session_affinity_config": [],
                "type": "ClusterIP"
              }
            ],
            "status": [
              {
                "load_balancer": [
                  {
                    "ingress": []
                  }
                ]
              }
            ],
            "timeouts": null,
            "wait_for_load_balancer": true
          },
          "sensitive_attributes": [],
          "private": "eyJlMmJmYjczMC1lY2FhLTExZTYtOGY4OC0zNDM2M2JjN2M0YzAiOnsiY3JlYXRlIjo2MDAwMDAwMDAwMDB9LCJzY2hlbWFfdmVyc2lvbiI6IjEifQ==",
          "dependencies": [
            "minikube_cluster.tf-project-cluster"
          ]
        },
        {
          "index_key": "qa",
          "schema_version": 1,
          "attributes": {
            "id": "qa/postgres-service-qa",
            "metadata": [
              {
                "annotations": null,
                "generate_name": "",
                "generation": 0,
                "labels": null,
                "name": "postgres-service-qa",
                "namespace": "qa",
                "resource_version": "1066",
                "uid": "3ef94cdb-91ab-4af4-8c1f-80282d634b85"
              }
            ],
            "spec": [
              {
                "allocate_load_balancer_node_ports": true,
                "cluster_ip": "10.103.249.223",
                "cluster_ips": [
                  "10.103.249.223"
                ],
                "external_ips": null,
                "external_name": "",
                "external_traffic_policy": "",
                "health_check_node_port": 0,
                "internal_traffic_policy": "Cluster",
                "ip_families": [
                  "IPv4"
                ],
                "ip_family_policy": "SingleStack",
                "load_balancer_class": "",
                "load_balancer_ip": "",
                "load_balancer_source_ranges": null,
                "port": [
                  {
                    "app_protocol": "",
                    "name": "",
                    "node_port": 0,
                    "port": 5432,
                    "protocol": "TCP",
                    "target_port": "5432"
                  }
                ],
                "publish_not_ready_addresses": false,
                "selector": {
                  "app": "postgres-db"
                },
                "session_affinity": "None",
                "session_affinity_config": [],
                "type": "ClusterIP"
              }
            ],
            "status": [
              {
                "load_balancer": [
                  {
                    "ingress": []
                  }
                ]
              }
            ],
            "timeouts": null,
            "wait_for_load_balancer": true
          },
          "sensitive_attributes": [],
          "private": "eyJlMmJmYjczMC1lY2FhLTExZTYtOGY4OC0zNDM2M2JjN2M0YzAiOnsiY3JlYXRlIjo2MDAwMDAwMDAwMDB9LCJzY2hlbWFfdmVyc2lvbiI6IjEifQ==",
          "dependencies": [
            "minikube_cluster.tf-project-cluster"
          ]
        }
      ]
    },
    {
      "mode": "managed",
      "type": "minikube_cluster",
      "name": "tf-project-cluster",
      "provider": "provider[\"registry.terraform.io/scott-the-programmer/minikube\"]",
      "instances": [
        {
          "schema_version": 0,
          "attributes": {
            "addons": [
              "ingress"
            ],
            "apiserver_ips": [],
            "apiserver_name": "minikubeCA",
            "apiserver_names": [],
            "apiserver_port": 8443,
            "auto_pause_interval": 1,
            "auto_update_drivers": true,
            "base_image": "gcr.io/k8s-minikube/kicbase:v0.0.44@sha256:eb04641328b06c5c4a14f4348470e1046bbcf9c2cbc551486e343d3a49db557e",
            "binary_mirror": null,
            "cache_images": true,
            "cert_expiration": 1576800,
            "client_certificate": "-----BEGIN CERTIFICATE-----\nMIIDITCCAgmgAwIBAgIBAjANBgkqhkiG9w0BAQsFADAVMRMwEQYDVQQDEwptaW5p\na3ViZUNBMB4XDTI1MDEzMDEzNTExMVoXDTI4MDEzMTEzNTExMVowMTEXMBUGA1UE\nChMOc3lzdGVtOm1hc3RlcnMxFjAUBgNVBAMTDW1pbmlrdWJlLXVzZXIwggEiMA0G\nCSqGSIb3DQEBAQUAA4IBDwAwggEKAoIBAQDC/KzK/32zSG0XNC/NA70hXLJuF5n+\nRbZ/TWVibCU11P6zgyk4+UDsIUMEiecsX0fIU0hYsmIOaivSCeIUo6A2e/h96DyN\ntXBlTqMjrBsWhOeKOkBl+gtRofPPZO6Y36xsUl9CAWIRPS1fE1qn3NWTIZ30y8ax\ncQvaAxD37h0ddiANo8CU2BxUoAoTidtXrLng/xuEFCjNUDr1c0bC1xJ5wsHJpPdZ\nyjeg0Cz9wIgloO/yFds/e4EnE/A72PifKmAhNFXgbXJR6qashomqgC4GPzW6+8A9\nGvI9ygnyYnEPwkb1YWolFy42Wd6HyXAd39LkIviAXcqhHvWC9SfTscn7AgMBAAGj\nYDBeMA4GA1UdDwEB/wQEAwIFoDAdBgNVHSUEFjAUBggrBgEFBQcDAQYIKwYBBQUH\nAwIwDAYDVR0TAQH/BAIwADAfBgNVHSMEGDAWgBRoaJcUFdOZ3cyoN7wJDBLhTlR+\nYzANBgkqhkiG9w0BAQsFAAOCAQEAQl9rtiSELkKCumobsjmiop7VO8nX33wAB70E\nWVYpJjaXvqWJGzLJBt8O02dEZoh/0E4DlhmsOFVJ+T/W/6WxKQGHKwpOT1YWfYtE\nhXrIsQV0mm/GguXaAYklP4xgpju83g08JS4Y0An+Pt2lUK1Yy6bSxOT3eJ6W+kch\nV86epXtDabdwQvwzcDWVoa5xBRrD4b8jpjaIY0JZ4SvAmoMCfELUBDugHj4J6lgc\n9uF2+79M8JZoVzMjD5R2m7UTiY+xHyUw6vkQwJRbRVPVH4UzkFooH89nfPOiua1S\nOxIgBxTQZYF0UEdSZk9R11nHM1/7htKxgYk19/fNN3gRNb5K/A==\n-----END CERTIFICATE-----\n",
            "client_key": "-----BEGIN RSA PRIVATE KEY-----\nMIIEpAIBAAKCAQEAwvysyv99s0htFzQvzQO9IVyybheZ/kW2f01lYmwlNdT+s4Mp\nOPlA7CFDBInnLF9HyFNIWLJiDmor0gniFKOgNnv4feg8jbVwZU6jI6wbFoTnijpA\nZfoLUaHzz2TumN+sbFJfQgFiET0tXxNap9zVkyGd9MvGsXEL2gMQ9+4dHXYgDaPA\nlNgcVKAKE4nbV6y54P8bhBQozVA69XNGwtcSecLByaT3Wco3oNAs/cCIJaDv8hXb\nP3uBJxPwO9j4nypgITRV4G1yUeqmrIaJqoAuBj81uvvAPRryPcoJ8mJxD8JG9WFq\nJRcuNlneh8lwHd/S5CL4gF3KoR71gvUn07HJ+wIDAQABAoIBABaLEgsyOL02nW42\nWWRxjzdBOVvjHKm6M5xKPXOAn1i29G+atXRh1PC388CdlP2bUnhFsLKYhR+3hLN2\n8w2B0W8bLCKabA3SMVl1GwVvy33yBbcEfxeLLi3U9JRAzhkcmxm2+E5wTH9DvHAm\nk6+ep46oL1PzD1jKgh1Fh3uyqukR4H7NxyzBaJspXNtKgxntbwjg0vWG+TJlrutx\np6u26gZS4EtndSMsbCR5yCiIh0FJHHmRIV1h99VG4pvBCB5A4ctevBZvNpA6skH0\nTw5zmt/8XgJl8/iMFk+XBwpO10VmN3aPLBdNJdTvLzr/1jjRYl1jnw4JpLjVlpaK\n7dLYVbkCgYEA3VYWmFygk1tGcBu+IR+QEnnboVrkkRPPEq1KWtb6nUqOWZUZc+jk\nWYIkjTpDwWkB0lxsDDgl1+rEwX8mBOIE5gR875q8VWy5jD67pf9Fq1yW0BahPGrq\nHzLRewM0NLbClxBOSvkYxfBpsjkW1fwEn74CSxH9wKRWZUu8NcrN+j8CgYEA4YYu\nHdRBwpguY1ArMdeZh6q3XbNomYlc5M5XGpFlIf587PoAXM1ATacAVs7ZqZXbKYWp\ncHoP6yUKOnB9KxrwBnPeGnMf3W3qtafaMblC6YXEtdNAHX+upmNYSbHLbLAeGXwu\nGF1hqt0QgEtZvHiQy7x6VOwSK1oxSX8I9NAW6UUCgYEAmvS8WOrwWHncdHxXveTU\n/rplcy+pOZB+tnqvxa0gQ6KAymLCMQ3pYGjmoiEacnvLlLSzyFI+3E02dqlHur9p\n4odd2HmiRMQbmv4IbYyr/+6Qfxp4w02unyz6z35MvGL/FLeLuJ1wJJPNy8KAJEuO\nCTADdv8fghELk1tUZuyXDA0CgYAG0SSBuFHIjQsR63Fyzz6P0EQ8q9ikk3dgXzBY\n2D5DWcry6tep9nZUIpErDpObwbDfP3AQu0/R3svBWnceH3FT8JqtF//FlLX8ibdZ\nu2zfXDDHAjy055Ai7WvUxnAMuAIg6RUHnYL/RDFkf2KWBNrznZ3hBUXDU7WbsCBY\nLhYTNQKBgQCfQ3EQfiTnqt+lNbAZZhgkc3pVFnEO93m07Hv6IVBtGqhph+QTA+Zx\nPDCm5dWSj9aM2JidxaLGpWgjpA4Gjl3tUd3TbOciMroAWg8ccgWs2/pwUjdGbfGF\njPVoqXGj3V0KxJopWH+jba6Pk/egFeB03QapVB4WCnLZpOm+x6KC2A==\n-----END RSA PRIVATE KEY-----\n",
            "cluster_ca_certificate": "-----BEGIN CERTIFICATE-----\nMIIDBjCCAe6gAwIBAgIBATANBgkqhkiG9w0BAQsFADAVMRMwEQYDVQQDEwptaW5p\na3ViZUNBMB4XDTI1MDEwODE0MTkwN1oXDTM1MDEwNzE0MTkwN1owFTETMBEGA1UE\nAxMKbWluaWt1YmVDQTCCASIwDQYJKoZIhvcNAQEBBQADggEPADCCAQoCggEBALIj\nhItUo+lvTv/igOCh/LH24NpWwQDgWb54NAmWfuREz0SNf16kGp4l3oocn/O0rhlc\nLkO2y8YjJIrebCXsDTOfJUprxgR8akZ53imuDBz/eWFqTYI3Vl7xu3b5T0iOOM0T\nsNSej3tHkyHpVjt2/8elkVxJ+FzdkpIgx90j2o25ARHL8h77RKy+12TW4b2Nj3MW\n3DlWS8LFhUUtdHlFfPB3DTw0VihqKLY0xusI4k+AZ+zGiIdwyFkH2+Dr0hO4KHIp\n+yWaNaXHZ4oFpdbZaLeE1Rney6zgnL95VtNwIwpSD65lI+Qk8Dh/rdbIQBOLTafp\nsVwJpmyb9jRnJcDKXI8CAwEAAaNhMF8wDgYDVR0PAQH/BAQDAgKkMB0GA1UdJQQW\nMBQGCCsGAQUFBwMCBggrBgEFBQcDATAPBgNVHRMBAf8EBTADAQH/MB0GA1UdDgQW\nBBRoaJcUFdOZ3cyoN7wJDBLhTlR+YzANBgkqhkiG9w0BAQsFAAOCAQEAhV0xGmZO\nadsYWFsHPO6qAR2cM2W2pFKZzXgEwYFL8+stYd5gqgw1hhcHhgVxo1pxhPDTbJqO\nlVmzUcidFgEMHMqW1ZgJROgcXC9CP7xxS8DNtkfGkL0fBnLXux+ax+sr4YW10vnX\n3O0GLKvgZtjyuzlOB83/SenZ4oHKe7efvDcYI03J/84gFI4D1d1Tj5yKy37NRzRh\nXIc9c5ZvyQuZ6wjccOkDiCSVtk7YdA6z/KbGeNr++GX6VI/3IixVytPZUH4wqpQ/\nJcAUXjsBxLzOeRq8BS5pO3zZff6zcIxrN5jk9D9+oeRl2J6lKVizrUqRe63TqZHA\nFaWVSAP76wF2jQ==\n-----END CERTIFICATE-----\n",
            "cluster_name": "rockstar-Cluster",
            "cni": "",
            "container_runtime": "docker",
            "cpus": 2,
            "cri_socket": "",
            "delete_on_failure": false,
            "disable_driver_mounts": false,
            "disable_metrics": false,
            "disable_optimizations": false,
            "disk_size": "20000mb",
            "dns_domain": "cluster.local",
            "dns_proxy": false,
            "docker_env": null,
            "docker_opt": null,
            "download_only": false,
            "driver": "docker",
            "dry_run": false,
            "embed_certs": false,
            "enable_default_cni": false,
            "extra_config": null,
            "extra_disks": 0,
            "feature_gates": "",
            "force": false,
            "force_systemd": false,
            "gpus": null,
            "ha": false,
            "host": "https://127.0.0.1:52950",
            "host_dns_resolver": true,
            "host_only_cidr": "192.168.59.1/24",
            "host_only_nic_type": "virtio",
            "hyperkit_vpnkit_sock": "",
            "hyperkit_vsock_ports": [],
            "hyperv_external_adapter": "",
            "hyperv_use_external_switch": false,
            "hyperv_virtual_switch": "",
            "id": "rockstar-Cluster",
            "image_mirror_country": null,
            "image_repository": "",
            "insecure_registry": [],
            "install_addons": true,
            "interactive": true,
            "iso_url": [
              "https://github.com/kubernetes/minikube/releases/download/v1.33.0/minikube-v1.33.0-amd64.iso"
            ],
            "keep_context": false,
            "kubernetes_version": null,
            "kvm_gpu": false,
            "kvm_hidden": false,
            "kvm_network": "default",
            "kvm_numa_count": 1,
            "kvm_qemu_uri": "qemu:///system",
            "listen_address": "",
            "memory": "4096mb",
            "mount": false,
            "mount_9p_version": "9p2000.L",
            "mount_gid": "docker",
            "mount_ip": null,
            "mount_msize": 262144,
            "mount_options": null,
            "mount_port": 0,
            "mount_string": "/home:/minikube-host",
            "mount_type": "9p",
            "mount_uid": "docker",
            "namespace": "default",
            "nat_nic_type": "virtio",
            "native_ssh": true,
            "network": "",
            "network_plugin": null,
            "nfs_share": [],
            "nfs_shares_root": "/nfsshares",
            "no_kubernetes": false,
            "no_vtx_check": false,
            "nodes": 1,
            "output": "text",
            "ports": [],
            "preload": true,
            "qemu_firmware_path": null,
            "registry_mirror": [],
            "service_cluster_ip_range": "10.96.0.0/12",
            "socket_vmnet_client_path": "/usr/local/opt/socket_vmnet/bin/socket_vmnet_client",
            "socket_vmnet_path": "/usr/local/var/run/socket_vmnet",
            "ssh_ip_address": "",
            "ssh_key": "",
            "ssh_port": 22,
            "ssh_user": "root",
            "static_ip": null,
            "subnet": null,
            "trace": null,
            "uuid": "",
            "vm": false,
            "vm_driver": null,
            "wait": null,
            "wait_timeout": 6
          },
          "sensitive_attributes": [
            [
              {
                "type": "get_attr",
                "value": "client_key"
              }
            ],
            [
              {
                "type": "get_attr",
                "value": "client_certificate"
              }
            ],
            [
              {
                "type": "get_attr",
                "value": "cluster_ca_certificate"
              }
            ]
          ],
          "private": "bnVsbA=="
        }
      ]
    }
  ],
  "check_results": null
}
